
Microsoft Visual Studio Solution File, Format Version 12.00
# Visual Studio Version 17
VisualStudioVersion = 17.14.36518.9
MinimumVisualStudioVersion = 10.0.40219.1
Project("{FAE04EC0-301F-11D3-BF4B-00C04F79EFBC}") = "Simitone.Client", "Simitone.Client\Simitone.Client.csproj", "{0F20013D-0610-4573-A346-1C5A461B0BA0}"
EndProject
Project("{FAE04EC0-301F-11D3-BF4B-00C04F79EFBC}") = "FSO.Client", "..\..\FreeSO\TSOClient\tso.client\FSO.Client.csproj", "{CD75FFE5-EB9C-FD70-6946-4079D287A327}"
EndProject
Project("{FAE04EC0-301F-11D3-BF4B-00C04F79EFBC}") = "FSO.Common", "..\..\FreeSO\TSOClient\tso.common\FSO.Common.csproj", "{D5C4F503-4F2D-913A-4041-DAFD775F1244}"
EndProject
Project("{FAE04EC0-301F-11D3-BF4B-00C04F79EFBC}") = "FSO.LotView", "..\..\FreeSO\TSOClient\tso.world\FSO.LotView.csproj", "{D3C91BAB-BB7E-9FEE-6303-D50EE825577C}"
EndProject
Project("{FAE04EC0-301F-11D3-BF4B-00C04F79EFBC}") = "FSO.UI", "..\..\FreeSO\TSOClient\FSO.UI\FSO.UI.csproj", "{A68BE312-A1AA-1705-BF6D-35DF3FD15C67}"
EndProject
Project("{FAE04EC0-301F-11D3-BF4B-00C04F79EFBC}") = "FSO.SimAntics", "..\..\FreeSO\TSOClient\tso.simantics\FSO.SimAntics.csproj", "{AB660706-92AA-09DC-8748-AEC544D7CE10}"
EndProject
Project("{FAE04EC0-301F-11D3-BF4B-00C04F79EFBC}") = "FSO.IDE", "..\..\FreeSO\TSOClient\FSO.IDE\FSO.IDE.csproj", "{FA9B0FBF-1B00-DF61-7553-84596BA4C415}"
EndProject
Project("{FAE04EC0-301F-11D3-BF4B-00C04F79EFBC}") = "FSO.Files", "..\..\FreeSO\TSOClient\tso.files\FSO.Files.csproj", "{A1149144-4DA3-BE0E-68E9-71EC09831CB1}"
EndProject
Project("{FAE04EC0-301F-11D3-BF4B-00C04F79EFBC}") = "FSO.SimAntics.JIT", "..\..\FreeSO\TSOClient\FSO.SimAntics.JIT\FSO.SimAntics.JIT.csproj", "{3E41D5D6-F2C4-EC9F-4493-9F20028C8CEA}"
EndProject
Project("{FAE04EC0-301F-11D3-BF4B-00C04F79EFBC}") = "MSDFData", "..\..\FreeSO\Other\libs\MSDFData\MSDFData.csproj", "{886280B1-2565-2173-2DF6-E4349A115D45}"
EndProject
Project("{FAE04EC0-301F-11D3-BF4B-00C04F79EFBC}") = "FSO.Content", "..\..\FreeSO\TSOClient\tso.content\FSO.Content.csproj", "{3B1DB21E-FC6B-ADF6-4FC9-395AC6911363}"
EndProject
Project("{FAE04EC0-301F-11D3-BF4B-00C04F79EFBC}") = "FSO.Vitaboy.Engine", "..\..\FreeSO\TSOClient\tso.vitaboy.engine\FSO.Vitaboy.Engine.csproj", "{5630F78C-C81D-5D99-BF38-45F784E79116}"
EndProject
Project("{FAE04EC0-301F-11D3-BF4B-00C04F79EFBC}") = "FSO.Vitaboy", "..\..\FreeSO\TSOClient\tso.vitaboy.model\FSO.Vitaboy.csproj", "{8F5AB72E-FC70-0422-7515-04C551383F95}"
EndProject
Project("{FAE04EC0-301F-11D3-BF4B-00C04F79EFBC}") = "TargaImagePCL", "..\..\FreeSO\Other\libs\TargaImagePCL\TargaImagePCL.csproj", "{00B4BD4E-D607-7D6A-6B43-7FF12776003A}"
EndProject
Project("{FAE04EC0-301F-11D3-BF4B-00C04F79EFBC}") = "FSO.HIT", "..\..\FreeSO\TSOClient\tso.sound\FSO.HIT.csproj", "{73326C15-C925-51B5-00C8-2F55EC0177E1}"
EndProject
Project("{FAE04EC0-301F-11D3-BF4B-00C04F79EFBC}") = "FSO.Server", "..\..\FreeSO\TSOClient\FSO.Server\FSO.Server.csproj", "{3951FE6D-6EE9-D164-1FF6-4709C0371171}"
EndProject
Project("{FAE04EC0-301F-11D3-BF4B-00C04F79EFBC}") = "FSO.Server.Watchdog", "..\..\FreeSO\TSOClient\FSO.Server.Updater\FSO.Server.Watchdog.csproj", "{E8179A9D-D9FC-D481-3AF9-93C52141AC80}"
EndProject
Project("{FAE04EC0-301F-11D3-BF4B-00C04F79EFBC}") = "FSO.Server.Protocol", "..\..\FreeSO\TSOClient\FSO.Server.Protocol\FSO.Server.Protocol.csproj", "{DDC63E27-7E28-63F4-77E6-A67FD8C9BC5F}"
EndProject
Project("{FAE04EC0-301F-11D3-BF4B-00C04F79EFBC}") = "FSO.Common.Domain", "..\..\FreeSO\TSOClient\FSO.Common.Domain\FSO.Common.Domain.csproj", "{D18FCF5E-8432-D7DA-5F9C-86DA37066D1D}"
EndProject
Project("{FAE04EC0-301F-11D3-BF4B-00C04F79EFBC}") = "FSO.Server.Common", "..\..\FreeSO\TSOClient\FSO.Server.Common\FSO.Server.Common.csproj", "{9DEDF17F-C90C-750D-F928-59AB977E70DF}"
EndProject
Project("{FAE04EC0-301F-11D3-BF4B-00C04F79EFBC}") = "FSO.Server.Core", "..\..\FreeSO\TSOClient\FSO.Server.Core\FSO.Server.Core.csproj", "{5C6817C1-18C7-6FF0-6A3E-0BB70AF081D0}"
EndProject
Project("{FAE04EC0-301F-11D3-BF4B-00C04F79EFBC}") = "FSO.Common.DataService", "..\..\FreeSO\TSOClient\FSO.Server.DataService\FSO.Common.DataService.csproj", "{D92101F5-E95B-35C4-353A-96B3ACD508A3}"
EndProject
Project("{FAE04EC0-301F-11D3-BF4B-00C04F79EFBC}") = "FSO.Server.Clients", "..\..\FreeSO\TSOClient\FSO.Server.Clients\FSO.Server.Clients.csproj", "{41A0B22F-2D61-EEA6-BD80-F014F1C97742}"
EndProject
Project("{FAE04EC0-301F-11D3-BF4B-00C04F79EFBC}") = "FSO.Server.Domain", "..\..\FreeSO\TSOClient\FSO.Server.Domain\FSO.Server.Domain.csproj", "{CA8819E5-00C7-28EE-15C2-EA60B491E37A}"
EndProject
Project("{FAE04EC0-301F-11D3-BF4B-00C04F79EFBC}") = "FSO.Server.Database", "..\..\FreeSO\TSOClient\FSO.Server.Database\FSO.Server.Database.csproj", "{FD46D626-E868-4B47-3903-6D9BEA01E0B2}"
EndProject
Project("{FAE04EC0-301F-11D3-BF4B-00C04F79EFBC}") = "FSO.Server.Api.Core", "..\..\FreeSO\TSOClient\FSO.Server.Api.Core\FSO.Server.Api.Core.csproj", "{39752F36-7B7A-1EF2-39D6-BA5EAD5521DB}"
EndProject
Project("{FAE04EC0-301F-11D3-BF4B-00C04F79EFBC}") = "FSO.Common.DatabaseService", "..\..\FreeSO\TSOClient\FSO.Common.DatabaseService\FSO.Common.DatabaseService.csproj", "{6AE5E3A9-6224-FEE3-8B9E-C225F35688F6}"
EndProject
Project("{FAE04EC0-301F-11D3-BF4B-00C04F79EFBC}") = "VoronoiLib", "..\..\FreeSO\Other\libs\VoronoiLib\VoronoiLib.csproj", "{DF206633-E5CA-DD6C-2EDD-4749224BFD0F}"
EndProject
Project("{FAE04EC0-301F-11D3-BF4B-00C04F79EFBC}") = "FSO.Content.TSO", "..\..\FreeSO\TSOClient\FSO.Content.TSO\FSO.Content.TSO.csproj", "{F32E4F6C-B922-D03A-9266-3759316798E5}"
EndProject
Project("{FAE04EC0-301F-11D3-BF4B-00C04F79EFBC}") = "FSO.Windows", "..\..\FreeSO\TSOClient\FSO.Windows\FSO.Windows.csproj", "{48B4C334-BCC3-0FE3-D4A2-20B2F46B09EA}"
EndProject
Project("{FAE04EC0-301F-11D3-BF4B-00C04F79EFBC}") = "FSO.SimAntics.JIT.Roslyn", "..\..\FreeSO\TSOClient\FSO.SimAntics.JIT.Roslyn\FSO.SimAntics.JIT.Roslyn.csproj", "{112CB29C-702C-FF01-588E-BEF4AE33B18D}"
EndProject
Project("{FAE04EC0-301F-11D3-BF4B-00C04F79EFBC}") = "TargaImage", "..\..\FreeSO\Other\libs\TargaImage\TargaImage.csproj", "{1767055A-3C70-9F29-75BD-D3BC33035117}"
EndProject
Project("{FAE04EC0-301F-11D3-BF4B-00C04F79EFBC}") = "SimplePaletteQuantizer", "..\..\FreeSO\Other\libs\ColorQuantizer\SimplePaletteQuantizer\SimplePaletteQuantizer.csproj", "{6F200BE2-2BD8-AE11-0E2C-A5F472828A84}"
EndProject
Project("{FAE04EC0-301F-11D3-BF4B-00C04F79EFBC}") = "Simitone.Windows", "Simitone.Windows\Simitone.Windows.csproj", "{2ABF195A-A2CC-D3A6-9480-6E1F61E35AC6}"
EndProject
Global
	GlobalSection(SolutionConfigurationPlatforms) = preSolution
		Ad-Hoc|Any CPU = Ad-Hoc|Any CPU
		Ad-Hoc|iPhone = Ad-Hoc|iPhone
		Ad-Hoc|iPhoneSimulator = Ad-Hoc|iPhoneSimulator
		Ad-Hoc|x86 = Ad-Hoc|x86
		AppStore|Any CPU = AppStore|Any CPU
		AppStore|iPhone = AppStore|iPhone
		AppStore|iPhoneSimulator = AppStore|iPhoneSimulator
		AppStore|x86 = AppStore|x86
		Debug|Any CPU = Debug|Any CPU
		Debug|iPhone = Debug|iPhone
		Debug|iPhoneSimulator = Debug|iPhoneSimulator
		Debug|x86 = Debug|x86
		Release|Any CPU = Release|Any CPU
		Release|iPhone = Release|iPhone
		Release|iPhoneSimulator = Release|iPhoneSimulator
		Release|x86 = Release|x86
	EndGlobalSection
	GlobalSection(ProjectConfigurationPlatforms) = postSolution
		{0F20013D-0610-4573-A346-1C5A461B0BA0}.Ad-Hoc|Any CPU.ActiveCfg = Release|Any CPU
		{0F20013D-0610-4573-A346-1C5A461B0BA0}.Ad-Hoc|Any CPU.Build.0 = Release|Any CPU
		{0F20013D-0610-4573-A346-1C5A461B0BA0}.Ad-Hoc|iPhone.ActiveCfg = Release|Any CPU
		{0F20013D-0610-4573-A346-1C5A461B0BA0}.Ad-Hoc|iPhone.Build.0 = Release|Any CPU
		{0F20013D-0610-4573-A346-1C5A461B0BA0}.Ad-Hoc|iPhoneSimulator.ActiveCfg = Release|Any CPU
		{0F20013D-0610-4573-A346-1C5A461B0BA0}.Ad-Hoc|iPhoneSimulator.Build.0 = Release|Any CPU
		{0F20013D-0610-4573-A346-1C5A461B0BA0}.Ad-Hoc|x86.ActiveCfg = Release|Any CPU
		{0F20013D-0610-4573-A346-1C5A461B0BA0}.Ad-Hoc|x86.Build.0 = Release|Any CPU
		{0F20013D-0610-4573-A346-1C5A461B0BA0}.AppStore|Any CPU.ActiveCfg = Release|Any CPU
		{0F20013D-0610-4573-A346-1C5A461B0BA0}.AppStore|Any CPU.Build.0 = Release|Any CPU
		{0F20013D-0610-4573-A346-1C5A461B0BA0}.AppStore|iPhone.ActiveCfg = Release|Any CPU
		{0F20013D-0610-4573-A346-1C5A461B0BA0}.AppStore|iPhone.Build.0 = Release|Any CPU
		{0F20013D-0610-4573-A346-1C5A461B0BA0}.AppStore|iPhoneSimulator.ActiveCfg = Release|Any CPU
		{0F20013D-0610-4573-A346-1C5A461B0BA0}.AppStore|iPhoneSimulator.Build.0 = Release|Any CPU
		{0F20013D-0610-4573-A346-1C5A461B0BA0}.AppStore|x86.ActiveCfg = Release|Any CPU
		{0F20013D-0610-4573-A346-1C5A461B0BA0}.AppStore|x86.Build.0 = Release|Any CPU
		{0F20013D-0610-4573-A346-1C5A461B0BA0}.Debug|Any CPU.ActiveCfg = Debug|Any CPU
		{0F20013D-0610-4573-A346-1C5A461B0BA0}.Debug|Any CPU.Build.0 = Debug|Any CPU
		{0F20013D-0610-4573-A346-1C5A461B0BA0}.Debug|iPhone.ActiveCfg = Release|Any CPU
		{0F20013D-0610-4573-A346-1C5A461B0BA0}.Debug|iPhone.Build.0 = Release|Any CPU
		{0F20013D-0610-4573-A346-1C5A461B0BA0}.Debug|iPhoneSimulator.ActiveCfg = Debug|Any CPU
		{0F20013D-0610-4573-A346-1C5A461B0BA0}.Debug|iPhoneSimulator.Build.0 = Debug|Any CPU
		{0F20013D-0610-4573-A346-1C5A461B0BA0}.Debug|x86.ActiveCfg = Debug|Any CPU
		{0F20013D-0610-4573-A346-1C5A461B0BA0}.Debug|x86.Build.0 = Debug|Any CPU
		{0F20013D-0610-4573-A346-1C5A461B0BA0}.Release|Any CPU.ActiveCfg = Release|Any CPU
		{0F20013D-0610-4573-A346-1C5A461B0BA0}.Release|Any CPU.Build.0 = Release|Any CPU
		{0F20013D-0610-4573-A346-1C5A461B0BA0}.Release|iPhone.ActiveCfg = Release|Any CPU
		{0F20013D-0610-4573-A346-1C5A461B0BA0}.Release|iPhone.Build.0 = Release|Any CPU
		{0F20013D-0610-4573-A346-1C5A461B0BA0}.Release|iPhoneSimulator.ActiveCfg = Release|Any CPU
		{0F20013D-0610-4573-A346-1C5A461B0BA0}.Release|iPhoneSimulator.Build.0 = Release|Any CPU
		{0F20013D-0610-4573-A346-1C5A461B0BA0}.Release|x86.ActiveCfg = Release|Any CPU
		{0F20013D-0610-4573-A346-1C5A461B0BA0}.Release|x86.Build.0 = Release|Any CPU
		{CD75FFE5-EB9C-FD70-6946-4079D287A327}.Ad-Hoc|Any CPU.ActiveCfg = Release|Any CPU
		{CD75FFE5-EB9C-FD70-6946-4079D287A327}.Ad-Hoc|Any CPU.Build.0 = Release|Any CPU
		{CD75FFE5-EB9C-FD70-6946-4079D287A327}.Ad-Hoc|iPhone.ActiveCfg = Release|Any CPU
		{CD75FFE5-EB9C-FD70-6946-4079D287A327}.Ad-Hoc|iPhone.Build.0 = Release|Any CPU
		{CD75FFE5-EB9C-FD70-6946-4079D287A327}.Ad-Hoc|iPhoneSimulator.ActiveCfg = Release|Any CPU
		{CD75FFE5-EB9C-FD70-6946-4079D287A327}.Ad-Hoc|iPhoneSimulator.Build.0 = Release|Any CPU
		{CD75FFE5-EB9C-FD70-6946-4079D287A327}.Ad-Hoc|x86.ActiveCfg = Release|Any CPU
		{CD75FFE5-EB9C-FD70-6946-4079D287A327}.Ad-Hoc|x86.Build.0 = Release|Any CPU
		{CD75FFE5-EB9C-FD70-6946-4079D287A327}.AppStore|Any CPU.ActiveCfg = Release|Any CPU
		{CD75FFE5-EB9C-FD70-6946-4079D287A327}.AppStore|Any CPU.Build.0 = Release|Any CPU
		{CD75FFE5-EB9C-FD70-6946-4079D287A327}.AppStore|iPhone.ActiveCfg = Release|Any CPU
		{CD75FFE5-EB9C-FD70-6946-4079D287A327}.AppStore|iPhone.Build.0 = Release|Any CPU
		{CD75FFE5-EB9C-FD70-6946-4079D287A327}.AppStore|iPhoneSimulator.ActiveCfg = Release|Any CPU
		{CD75FFE5-EB9C-FD70-6946-4079D287A327}.AppStore|iPhoneSimulator.Build.0 = Release|Any CPU
		{CD75FFE5-EB9C-FD70-6946-4079D287A327}.AppStore|x86.ActiveCfg = Release|Any CPU
		{CD75FFE5-EB9C-FD70-6946-4079D287A327}.AppStore|x86.Build.0 = Release|Any CPU
		{CD75FFE5-EB9C-FD70-6946-4079D287A327}.Debug|Any CPU.ActiveCfg = Debug|Any CPU
		{CD75FFE5-EB9C-FD70-6946-4079D287A327}.Debug|Any CPU.Build.0 = Debug|Any CPU
		{CD75FFE5-EB9C-FD70-6946-4079D287A327}.Debug|iPhone.ActiveCfg = Debug|Any CPU
		{CD75FFE5-EB9C-FD70-6946-4079D287A327}.Debug|iPhone.Build.0 = Debug|Any CPU
		{CD75FFE5-EB9C-FD70-6946-4079D287A327}.Debug|iPhoneSimulator.ActiveCfg = Debug|Any CPU
		{CD75FFE5-EB9C-FD70-6946-4079D287A327}.Debug|iPhoneSimulator.Build.0 = Debug|Any CPU
		{CD75FFE5-EB9C-FD70-6946-4079D287A327}.Debug|x86.ActiveCfg = Debug|Any CPU
		{CD75FFE5-EB9C-FD70-6946-4079D287A327}.Debug|x86.Build.0 = Debug|Any CPU
		{CD75FFE5-EB9C-FD70-6946-4079D287A327}.Release|Any CPU.ActiveCfg = Release|Any CPU
		{CD75FFE5-EB9C-FD70-6946-4079D287A327}.Release|Any CPU.Build.0 = Release|Any CPU
		{CD75FFE5-EB9C-FD70-6946-4079D287A327}.Release|iPhone.ActiveCfg = Release|Any CPU
		{CD75FFE5-EB9C-FD70-6946-4079D287A327}.Release|iPhone.Build.0 = Release|Any CPU
		{CD75FFE5-EB9C-FD70-6946-4079D287A327}.Release|iPhoneSimulator.ActiveCfg = Release|Any CPU
		{CD75FFE5-EB9C-FD70-6946-4079D287A327}.Release|iPhoneSimulator.Build.0 = Release|Any CPU
		{CD75FFE5-EB9C-FD70-6946-4079D287A327}.Release|x86.ActiveCfg = Release|Any CPU
		{CD75FFE5-EB9C-FD70-6946-4079D287A327}.Release|x86.Build.0 = Release|Any CPU
		{D5C4F503-4F2D-913A-4041-DAFD775F1244}.Ad-Hoc|Any CPU.ActiveCfg = Release|Any CPU
		{D5C4F503-4F2D-913A-4041-DAFD775F1244}.Ad-Hoc|Any CPU.Build.0 = Release|Any CPU
		{D5C4F503-4F2D-913A-4041-DAFD775F1244}.Ad-Hoc|iPhone.ActiveCfg = Release|Any CPU
		{D5C4F503-4F2D-913A-4041-DAFD775F1244}.Ad-Hoc|iPhone.Build.0 = Release|Any CPU
		{D5C4F503-4F2D-913A-4041-DAFD775F1244}.Ad-Hoc|iPhoneSimulator.ActiveCfg = Release|Any CPU
		{D5C4F503-4F2D-913A-4041-DAFD775F1244}.Ad-Hoc|iPhoneSimulator.Build.0 = Release|Any CPU
		{D5C4F503-4F2D-913A-4041-DAFD775F1244}.Ad-Hoc|x86.ActiveCfg = Release|Any CPU
		{D5C4F503-4F2D-913A-4041-DAFD775F1244}.Ad-Hoc|x86.Build.0 = Release|Any CPU
		{D5C4F503-4F2D-913A-4041-DAFD775F1244}.AppStore|Any CPU.ActiveCfg = Release|Any CPU
		{D5C4F503-4F2D-913A-4041-DAFD775F1244}.AppStore|Any CPU.Build.0 = Release|Any CPU
		{D5C4F503-4F2D-913A-4041-DAFD775F1244}.AppStore|iPhone.ActiveCfg = Release|Any CPU
		{D5C4F503-4F2D-913A-4041-DAFD775F1244}.AppStore|iPhone.Build.0 = Release|Any CPU
		{D5C4F503-4F2D-913A-4041-DAFD775F1244}.AppStore|iPhoneSimulator.ActiveCfg = Release|Any CPU
		{D5C4F503-4F2D-913A-4041-DAFD775F1244}.AppStore|iPhoneSimulator.Build.0 = Release|Any CPU
		{D5C4F503-4F2D-913A-4041-DAFD775F1244}.AppStore|x86.ActiveCfg = Release|Any CPU
		{D5C4F503-4F2D-913A-4041-DAFD775F1244}.AppStore|x86.Build.0 = Release|Any CPU
		{D5C4F503-4F2D-913A-4041-DAFD775F1244}.Debug|Any CPU.ActiveCfg = Debug|Any CPU
		{D5C4F503-4F2D-913A-4041-DAFD775F1244}.Debug|Any CPU.Build.0 = Debug|Any CPU
		{D5C4F503-4F2D-913A-4041-DAFD775F1244}.Debug|iPhone.ActiveCfg = Debug|Any CPU
		{D5C4F503-4F2D-913A-4041-DAFD775F1244}.Debug|iPhone.Build.0 = Debug|Any CPU
		{D5C4F503-4F2D-913A-4041-DAFD775F1244}.Debug|iPhoneSimulator.ActiveCfg = Debug|Any CPU
		{D5C4F503-4F2D-913A-4041-DAFD775F1244}.Debug|iPhoneSimulator.Build.0 = Debug|Any CPU
		{D5C4F503-4F2D-913A-4041-DAFD775F1244}.Debug|x86.ActiveCfg = Debug|Any CPU
		{D5C4F503-4F2D-913A-4041-DAFD775F1244}.Debug|x86.Build.0 = Debug|Any CPU
		{D5C4F503-4F2D-913A-4041-DAFD775F1244}.Release|Any CPU.ActiveCfg = Release|Any CPU
		{D5C4F503-4F2D-913A-4041-DAFD775F1244}.Release|Any CPU.Build.0 = Release|Any CPU
		{D5C4F503-4F2D-913A-4041-DAFD775F1244}.Release|iPhone.ActiveCfg = Release|Any CPU
		{D5C4F503-4F2D-913A-4041-DAFD775F1244}.Release|iPhone.Build.0 = Release|Any CPU
		{D5C4F503-4F2D-913A-4041-DAFD775F1244}.Release|iPhoneSimulator.ActiveCfg = Release|Any CPU
		{D5C4F503-4F2D-913A-4041-DAFD775F1244}.Release|iPhoneSimulator.Build.0 = Release|Any CPU
		{D5C4F503-4F2D-913A-4041-DAFD775F1244}.Release|x86.ActiveCfg = Release|Any CPU
		{D5C4F503-4F2D-913A-4041-DAFD775F1244}.Release|x86.Build.0 = Release|Any CPU
		{D3C91BAB-BB7E-9FEE-6303-D50EE825577C}.Ad-Hoc|Any CPU.ActiveCfg = Release|Any CPU
		{D3C91BAB-BB7E-9FEE-6303-D50EE825577C}.Ad-Hoc|Any CPU.Build.0 = Release|Any CPU
		{D3C91BAB-BB7E-9FEE-6303-D50EE825577C}.Ad-Hoc|iPhone.ActiveCfg = Release|Any CPU
		{D3C91BAB-BB7E-9FEE-6303-D50EE825577C}.Ad-Hoc|iPhone.Build.0 = Release|Any CPU
		{D3C91BAB-BB7E-9FEE-6303-D50EE825577C}.Ad-Hoc|iPhoneSimulator.ActiveCfg = Release|Any CPU
		{D3C91BAB-BB7E-9FEE-6303-D50EE825577C}.Ad-Hoc|iPhoneSimulator.Build.0 = Release|Any CPU
		{D3C91BAB-BB7E-9FEE-6303-D50EE825577C}.Ad-Hoc|x86.ActiveCfg = Release|Any CPU
		{D3C91BAB-BB7E-9FEE-6303-D50EE825577C}.Ad-Hoc|x86.Build.0 = Release|Any CPU
		{D3C91BAB-BB7E-9FEE-6303-D50EE825577C}.AppStore|Any CPU.ActiveCfg = Release|Any CPU
		{D3C91BAB-BB7E-9FEE-6303-D50EE825577C}.AppStore|Any CPU.Build.0 = Release|Any CPU
		{D3C91BAB-BB7E-9FEE-6303-D50EE825577C}.AppStore|iPhone.ActiveCfg = Release|Any CPU
		{D3C91BAB-BB7E-9FEE-6303-D50EE825577C}.AppStore|iPhone.Build.0 = Release|Any CPU
		{D3C91BAB-BB7E-9FEE-6303-D50EE825577C}.AppStore|iPhoneSimulator.ActiveCfg = Release|Any CPU
		{D3C91BAB-BB7E-9FEE-6303-D50EE825577C}.AppStore|iPhoneSimulator.Build.0 = Release|Any CPU
		{D3C91BAB-BB7E-9FEE-6303-D50EE825577C}.AppStore|x86.ActiveCfg = Release|Any CPU
		{D3C91BAB-BB7E-9FEE-6303-D50EE825577C}.AppStore|x86.Build.0 = Release|Any CPU
		{D3C91BAB-BB7E-9FEE-6303-D50EE825577C}.Debug|Any CPU.ActiveCfg = Debug|Any CPU
		{D3C91BAB-BB7E-9FEE-6303-D50EE825577C}.Debug|Any CPU.Build.0 = Debug|Any CPU
		{D3C91BAB-BB7E-9FEE-6303-D50EE825577C}.Debug|iPhone.ActiveCfg = Debug|Any CPU
		{D3C91BAB-BB7E-9FEE-6303-D50EE825577C}.Debug|iPhone.Build.0 = Debug|Any CPU
		{D3C91BAB-BB7E-9FEE-6303-D50EE825577C}.Debug|iPhoneSimulator.ActiveCfg = Debug|Any CPU
		{D3C91BAB-BB7E-9FEE-6303-D50EE825577C}.Debug|iPhoneSimulator.Build.0 = Debug|Any CPU
		{D3C91BAB-BB7E-9FEE-6303-D50EE825577C}.Debug|x86.ActiveCfg = Debug|Any CPU
		{D3C91BAB-BB7E-9FEE-6303-D50EE825577C}.Debug|x86.Build.0 = Debug|Any CPU
		{D3C91BAB-BB7E-9FEE-6303-D50EE825577C}.Release|Any CPU.ActiveCfg = Release|Any CPU
		{D3C91BAB-BB7E-9FEE-6303-D50EE825577C}.Release|Any CPU.Build.0 = Release|Any CPU
		{D3C91BAB-BB7E-9FEE-6303-D50EE825577C}.Release|iPhone.ActiveCfg = Release|Any CPU
		{D3C91BAB-BB7E-9FEE-6303-D50EE825577C}.Release|iPhone.Build.0 = Release|Any CPU
		{D3C91BAB-BB7E-9FEE-6303-D50EE825577C}.Release|iPhoneSimulator.ActiveCfg = Release|Any CPU
		{D3C91BAB-BB7E-9FEE-6303-D50EE825577C}.Release|iPhoneSimulator.Build.0 = Release|Any CPU
		{D3C91BAB-BB7E-9FEE-6303-D50EE825577C}.Release|x86.ActiveCfg = Release|Any CPU
		{D3C91BAB-BB7E-9FEE-6303-D50EE825577C}.Release|x86.Build.0 = Release|Any CPU
		{A68BE312-A1AA-1705-BF6D-35DF3FD15C67}.Ad-Hoc|Any CPU.ActiveCfg = Release|Any CPU
		{A68BE312-A1AA-1705-BF6D-35DF3FD15C67}.Ad-Hoc|Any CPU.Build.0 = Release|Any CPU
		{A68BE312-A1AA-1705-BF6D-35DF3FD15C67}.Ad-Hoc|iPhone.ActiveCfg = Release|Any CPU
		{A68BE312-A1AA-1705-BF6D-35DF3FD15C67}.Ad-Hoc|iPhone.Build.0 = Release|Any CPU
		{A68BE312-A1AA-1705-BF6D-35DF3FD15C67}.Ad-Hoc|iPhoneSimulator.ActiveCfg = Release|Any CPU
		{A68BE312-A1AA-1705-BF6D-35DF3FD15C67}.Ad-Hoc|iPhoneSimulator.Build.0 = Release|Any CPU
		{A68BE312-A1AA-1705-BF6D-35DF3FD15C67}.Ad-Hoc|x86.ActiveCfg = Release|Any CPU
		{A68BE312-A1AA-1705-BF6D-35DF3FD15C67}.Ad-Hoc|x86.Build.0 = Release|Any CPU
		{A68BE312-A1AA-1705-BF6D-35DF3FD15C67}.AppStore|Any CPU.ActiveCfg = Release|Any CPU
		{A68BE312-A1AA-1705-BF6D-35DF3FD15C67}.AppStore|Any CPU.Build.0 = Release|Any CPU
		{A68BE312-A1AA-1705-BF6D-35DF3FD15C67}.AppStore|iPhone.ActiveCfg = Release|Any CPU
		{A68BE312-A1AA-1705-BF6D-35DF3FD15C67}.AppStore|iPhone.Build.0 = Release|Any CPU
		{A68BE312-A1AA-1705-BF6D-35DF3FD15C67}.AppStore|iPhoneSimulator.ActiveCfg = Release|Any CPU
		{A68BE312-A1AA-1705-BF6D-35DF3FD15C67}.AppStore|iPhoneSimulator.Build.0 = Release|Any CPU
		{A68BE312-A1AA-1705-BF6D-35DF3FD15C67}.AppStore|x86.ActiveCfg = Release|Any CPU
		{A68BE312-A1AA-1705-BF6D-35DF3FD15C67}.AppStore|x86.Build.0 = Release|Any CPU
		{A68BE312-A1AA-1705-BF6D-35DF3FD15C67}.Debug|Any CPU.ActiveCfg = Debug|Any CPU
		{A68BE312-A1AA-1705-BF6D-35DF3FD15C67}.Debug|Any CPU.Build.0 = Debug|Any CPU
		{A68BE312-A1AA-1705-BF6D-35DF3FD15C67}.Debug|iPhone.ActiveCfg = Debug|Any CPU
		{A68BE312-A1AA-1705-BF6D-35DF3FD15C67}.Debug|iPhone.Build.0 = Debug|Any CPU
		{A68BE312-A1AA-1705-BF6D-35DF3FD15C67}.Debug|iPhoneSimulator.ActiveCfg = Debug|Any CPU
		{A68BE312-A1AA-1705-BF6D-35DF3FD15C67}.Debug|iPhoneSimulator.Build.0 = Debug|Any CPU
		{A68BE312-A1AA-1705-BF6D-35DF3FD15C67}.Debug|x86.ActiveCfg = Debug|Any CPU
		{A68BE312-A1AA-1705-BF6D-35DF3FD15C67}.Debug|x86.Build.0 = Debug|Any CPU
		{A68BE312-A1AA-1705-BF6D-35DF3FD15C67}.Release|Any CPU.ActiveCfg = Release|Any CPU
		{A68BE312-A1AA-1705-BF6D-35DF3FD15C67}.Release|Any CPU.Build.0 = Release|Any CPU
		{A68BE312-A1AA-1705-BF6D-35DF3FD15C67}.Release|iPhone.ActiveCfg = Release|Any CPU
		{A68BE312-A1AA-1705-BF6D-35DF3FD15C67}.Release|iPhone.Build.0 = Release|Any CPU
		{A68BE312-A1AA-1705-BF6D-35DF3FD15C67}.Release|iPhoneSimulator.ActiveCfg = Release|Any CPU
		{A68BE312-A1AA-1705-BF6D-35DF3FD15C67}.Release|iPhoneSimulator.Build.0 = Release|Any CPU
		{A68BE312-A1AA-1705-BF6D-35DF3FD15C67}.Release|x86.ActiveCfg = Release|Any CPU
		{A68BE312-A1AA-1705-BF6D-35DF3FD15C67}.Release|x86.Build.0 = Release|Any CPU
		{AB660706-92AA-09DC-8748-AEC544D7CE10}.Ad-Hoc|Any CPU.ActiveCfg = Release|Any CPU
		{AB660706-92AA-09DC-8748-AEC544D7CE10}.Ad-Hoc|Any CPU.Build.0 = Release|Any CPU
		{AB660706-92AA-09DC-8748-AEC544D7CE10}.Ad-Hoc|iPhone.ActiveCfg = Release|Any CPU
		{AB660706-92AA-09DC-8748-AEC544D7CE10}.Ad-Hoc|iPhone.Build.0 = Release|Any CPU
		{AB660706-92AA-09DC-8748-AEC544D7CE10}.Ad-Hoc|iPhoneSimulator.ActiveCfg = Release|Any CPU
		{AB660706-92AA-09DC-8748-AEC544D7CE10}.Ad-Hoc|iPhoneSimulator.Build.0 = Release|Any CPU
		{AB660706-92AA-09DC-8748-AEC544D7CE10}.Ad-Hoc|x86.ActiveCfg = Release|Any CPU
		{AB660706-92AA-09DC-8748-AEC544D7CE10}.Ad-Hoc|x86.Build.0 = Release|Any CPU
		{AB660706-92AA-09DC-8748-AEC544D7CE10}.AppStore|Any CPU.ActiveCfg = Release|Any CPU
		{AB660706-92AA-09DC-8748-AEC544D7CE10}.AppStore|Any CPU.Build.0 = Release|Any CPU
		{AB660706-92AA-09DC-8748-AEC544D7CE10}.AppStore|iPhone.ActiveCfg = Release|Any CPU
		{AB660706-92AA-09DC-8748-AEC544D7CE10}.AppStore|iPhone.Build.0 = Release|Any CPU
		{AB660706-92AA-09DC-8748-AEC544D7CE10}.AppStore|iPhoneSimulator.ActiveCfg = Release|Any CPU
		{AB660706-92AA-09DC-8748-AEC544D7CE10}.AppStore|iPhoneSimulator.Build.0 = Release|Any CPU
		{AB660706-92AA-09DC-8748-AEC544D7CE10}.AppStore|x86.ActiveCfg = Release|Any CPU
		{AB660706-92AA-09DC-8748-AEC544D7CE10}.AppStore|x86.Build.0 = Release|Any CPU
		{AB660706-92AA-09DC-8748-AEC544D7CE10}.Debug|Any CPU.ActiveCfg = Debug|Any CPU
		{AB660706-92AA-09DC-8748-AEC544D7CE10}.Debug|Any CPU.Build.0 = Debug|Any CPU
		{AB660706-92AA-09DC-8748-AEC544D7CE10}.Debug|iPhone.ActiveCfg = Debug|Any CPU
		{AB660706-92AA-09DC-8748-AEC544D7CE10}.Debug|iPhone.Build.0 = Debug|Any CPU
		{AB660706-92AA-09DC-8748-AEC544D7CE10}.Debug|iPhoneSimulator.ActiveCfg = Debug|Any CPU
		{AB660706-92AA-09DC-8748-AEC544D7CE10}.Debug|iPhoneSimulator.Build.0 = Debug|Any CPU
		{AB660706-92AA-09DC-8748-AEC544D7CE10}.Debug|x86.ActiveCfg = Debug|Any CPU
		{AB660706-92AA-09DC-8748-AEC544D7CE10}.Debug|x86.Build.0 = Debug|Any CPU
		{AB660706-92AA-09DC-8748-AEC544D7CE10}.Release|Any CPU.ActiveCfg = Release|Any CPU
		{AB660706-92AA-09DC-8748-AEC544D7CE10}.Release|Any CPU.Build.0 = Release|Any CPU
		{AB660706-92AA-09DC-8748-AEC544D7CE10}.Release|iPhone.ActiveCfg = Release|Any CPU
		{AB660706-92AA-09DC-8748-AEC544D7CE10}.Release|iPhone.Build.0 = Release|Any CPU
		{AB660706-92AA-09DC-8748-AEC544D7CE10}.Release|iPhoneSimulator.ActiveCfg = Release|Any CPU
		{AB660706-92AA-09DC-8748-AEC544D7CE10}.Release|iPhoneSimulator.Build.0 = Release|Any CPU
		{AB660706-92AA-09DC-8748-AEC544D7CE10}.Release|x86.ActiveCfg = Release|Any CPU
		{AB660706-92AA-09DC-8748-AEC544D7CE10}.Release|x86.Build.0 = Release|Any CPU
		{FA9B0FBF-1B00-DF61-7553-84596BA4C415}.Ad-Hoc|Any CPU.ActiveCfg = Release|Any CPU
		{FA9B0FBF-1B00-DF61-7553-84596BA4C415}.Ad-Hoc|Any CPU.Build.0 = Release|Any CPU
		{FA9B0FBF-1B00-DF61-7553-84596BA4C415}.Ad-Hoc|iPhone.ActiveCfg = Release|Any CPU
		{FA9B0FBF-1B00-DF61-7553-84596BA4C415}.Ad-Hoc|iPhone.Build.0 = Release|Any CPU
		{FA9B0FBF-1B00-DF61-7553-84596BA4C415}.Ad-Hoc|iPhoneSimulator.ActiveCfg = Release|Any CPU
		{FA9B0FBF-1B00-DF61-7553-84596BA4C415}.Ad-Hoc|iPhoneSimulator.Build.0 = Release|Any CPU
		{FA9B0FBF-1B00-DF61-7553-84596BA4C415}.Ad-Hoc|x86.ActiveCfg = Release|Any CPU
		{FA9B0FBF-1B00-DF61-7553-84596BA4C415}.Ad-Hoc|x86.Build.0 = Release|Any CPU
		{FA9B0FBF-1B00-DF61-7553-84596BA4C415}.AppStore|Any CPU.ActiveCfg = Release|Any CPU
		{FA9B0FBF-1B00-DF61-7553-84596BA4C415}.AppStore|Any CPU.Build.0 = Release|Any CPU
		{FA9B0FBF-1B00-DF61-7553-84596BA4C415}.AppStore|iPhone.ActiveCfg = Release|Any CPU
		{FA9B0FBF-1B00-DF61-7553-84596BA4C415}.AppStore|iPhone.Build.0 = Release|Any CPU
		{FA9B0FBF-1B00-DF61-7553-84596BA4C415}.AppStore|iPhoneSimulator.ActiveCfg = Release|Any CPU
		{FA9B0FBF-1B00-DF61-7553-84596BA4C415}.AppStore|iPhoneSimulator.Build.0 = Release|Any CPU
		{FA9B0FBF-1B00-DF61-7553-84596BA4C415}.AppStore|x86.ActiveCfg = Release|Any CPU
		{FA9B0FBF-1B00-DF61-7553-84596BA4C415}.AppStore|x86.Build.0 = Release|Any CPU
		{FA9B0FBF-1B00-DF61-7553-84596BA4C415}.Debug|Any CPU.ActiveCfg = Debug|Any CPU
		{FA9B0FBF-1B00-DF61-7553-84596BA4C415}.Debug|Any CPU.Build.0 = Debug|Any CPU
		{FA9B0FBF-1B00-DF61-7553-84596BA4C415}.Debug|iPhone.ActiveCfg = Debug|Any CPU
		{FA9B0FBF-1B00-DF61-7553-84596BA4C415}.Debug|iPhone.Build.0 = Debug|Any CPU
		{FA9B0FBF-1B00-DF61-7553-84596BA4C415}.Debug|iPhoneSimulator.ActiveCfg = Debug|Any CPU
		{FA9B0FBF-1B00-DF61-7553-84596BA4C415}.Debug|iPhoneSimulator.Build.0 = Debug|Any CPU
		{FA9B0FBF-1B00-DF61-7553-84596BA4C415}.Debug|x86.ActiveCfg = Debug|Any CPU
		{FA9B0FBF-1B00-DF61-7553-84596BA4C415}.Debug|x86.Build.0 = Debug|Any CPU
		{FA9B0FBF-1B00-DF61-7553-84596BA4C415}.Release|Any CPU.ActiveCfg = Release|Any CPU
		{FA9B0FBF-1B00-DF61-7553-84596BA4C415}.Release|Any CPU.Build.0 = Release|Any CPU
		{FA9B0FBF-1B00-DF61-7553-84596BA4C415}.Release|iPhone.ActiveCfg = Release|Any CPU
		{FA9B0FBF-1B00-DF61-7553-84596BA4C415}.Release|iPhone.Build.0 = Release|Any CPU
		{FA9B0FBF-1B00-DF61-7553-84596BA4C415}.Release|iPhoneSimulator.ActiveCfg = Release|Any CPU
		{FA9B0FBF-1B00-DF61-7553-84596BA4C415}.Release|iPhoneSimulator.Build.0 = Release|Any CPU
		{FA9B0FBF-1B00-DF61-7553-84596BA4C415}.Release|x86.ActiveCfg = Release|Any CPU
		{FA9B0FBF-1B00-DF61-7553-84596BA4C415}.Release|x86.Build.0 = Release|Any CPU
		{A1149144-4DA3-BE0E-68E9-71EC09831CB1}.Ad-Hoc|Any CPU.ActiveCfg = Release|Any CPU
		{A1149144-4DA3-BE0E-68E9-71EC09831CB1}.Ad-Hoc|Any CPU.Build.0 = Release|Any CPU
		{A1149144-4DA3-BE0E-68E9-71EC09831CB1}.Ad-Hoc|iPhone.ActiveCfg = Release|Any CPU
		{A1149144-4DA3-BE0E-68E9-71EC09831CB1}.Ad-Hoc|iPhone.Build.0 = Release|Any CPU
		{A1149144-4DA3-BE0E-68E9-71EC09831CB1}.Ad-Hoc|iPhoneSimulator.ActiveCfg = Release|Any CPU
		{A1149144-4DA3-BE0E-68E9-71EC09831CB1}.Ad-Hoc|iPhoneSimulator.Build.0 = Release|Any CPU
		{A1149144-4DA3-BE0E-68E9-71EC09831CB1}.Ad-Hoc|x86.ActiveCfg = Release|Any CPU
		{A1149144-4DA3-BE0E-68E9-71EC09831CB1}.Ad-Hoc|x86.Build.0 = Release|Any CPU
		{A1149144-4DA3-BE0E-68E9-71EC09831CB1}.AppStore|Any CPU.ActiveCfg = Release|Any CPU
		{A1149144-4DA3-BE0E-68E9-71EC09831CB1}.AppStore|Any CPU.Build.0 = Release|Any CPU
		{A1149144-4DA3-BE0E-68E9-71EC09831CB1}.AppStore|iPhone.ActiveCfg = Release|Any CPU
		{A1149144-4DA3-BE0E-68E9-71EC09831CB1}.AppStore|iPhone.Build.0 = Release|Any CPU
		{A1149144-4DA3-BE0E-68E9-71EC09831CB1}.AppStore|iPhoneSimulator.ActiveCfg = Release|Any CPU
		{A1149144-4DA3-BE0E-68E9-71EC09831CB1}.AppStore|iPhoneSimulator.Build.0 = Release|Any CPU
		{A1149144-4DA3-BE0E-68E9-71EC09831CB1}.AppStore|x86.ActiveCfg = Release|Any CPU
		{A1149144-4DA3-BE0E-68E9-71EC09831CB1}.AppStore|x86.Build.0 = Release|Any CPU
		{A1149144-4DA3-BE0E-68E9-71EC09831CB1}.Debug|Any CPU.ActiveCfg = Debug|Any CPU
		{A1149144-4DA3-BE0E-68E9-71EC09831CB1}.Debug|Any CPU.Build.0 = Debug|Any CPU
		{A1149144-4DA3-BE0E-68E9-71EC09831CB1}.Debug|iPhone.ActiveCfg = Debug|Any CPU
		{A1149144-4DA3-BE0E-68E9-71EC09831CB1}.Debug|iPhone.Build.0 = Debug|Any CPU
		{A1149144-4DA3-BE0E-68E9-71EC09831CB1}.Debug|iPhoneSimulator.ActiveCfg = Debug|Any CPU
		{A1149144-4DA3-BE0E-68E9-71EC09831CB1}.Debug|iPhoneSimulator.Build.0 = Debug|Any CPU
		{A1149144-4DA3-BE0E-68E9-71EC09831CB1}.Debug|x86.ActiveCfg = Debug|Any CPU
		{A1149144-4DA3-BE0E-68E9-71EC09831CB1}.Debug|x86.Build.0 = Debug|Any CPU
		{A1149144-4DA3-BE0E-68E9-71EC09831CB1}.Release|Any CPU.ActiveCfg = Release|Any CPU
		{A1149144-4DA3-BE0E-68E9-71EC09831CB1}.Release|Any CPU.Build.0 = Release|Any CPU
		{A1149144-4DA3-BE0E-68E9-71EC09831CB1}.Release|iPhone.ActiveCfg = Release|Any CPU
		{A1149144-4DA3-BE0E-68E9-71EC09831CB1}.Release|iPhone.Build.0 = Release|Any CPU
		{A1149144-4DA3-BE0E-68E9-71EC09831CB1}.Release|iPhoneSimulator.ActiveCfg = Release|Any CPU
		{A1149144-4DA3-BE0E-68E9-71EC09831CB1}.Release|iPhoneSimulator.Build.0 = Release|Any CPU
		{A1149144-4DA3-BE0E-68E9-71EC09831CB1}.Release|x86.ActiveCfg = Release|Any CPU
		{A1149144-4DA3-BE0E-68E9-71EC09831CB1}.Release|x86.Build.0 = Release|Any CPU
		{3E41D5D6-F2C4-EC9F-4493-9F20028C8CEA}.Ad-Hoc|Any CPU.ActiveCfg = Release|Any CPU
		{3E41D5D6-F2C4-EC9F-4493-9F20028C8CEA}.Ad-Hoc|Any CPU.Build.0 = Release|Any CPU
		{3E41D5D6-F2C4-EC9F-4493-9F20028C8CEA}.Ad-Hoc|iPhone.ActiveCfg = Release|Any CPU
		{3E41D5D6-F2C4-EC9F-4493-9F20028C8CEA}.Ad-Hoc|iPhone.Build.0 = Release|Any CPU
		{3E41D5D6-F2C4-EC9F-4493-9F20028C8CEA}.Ad-Hoc|iPhoneSimulator.ActiveCfg = Release|Any CPU
		{3E41D5D6-F2C4-EC9F-4493-9F20028C8CEA}.Ad-Hoc|iPhoneSimulator.Build.0 = Release|Any CPU
		{3E41D5D6-F2C4-EC9F-4493-9F20028C8CEA}.Ad-Hoc|x86.ActiveCfg = Release|Any CPU
		{3E41D5D6-F2C4-EC9F-4493-9F20028C8CEA}.Ad-Hoc|x86.Build.0 = Release|Any CPU
		{3E41D5D6-F2C4-EC9F-4493-9F20028C8CEA}.AppStore|Any CPU.ActiveCfg = Release|Any CPU
		{3E41D5D6-F2C4-EC9F-4493-9F20028C8CEA}.AppStore|Any CPU.Build.0 = Release|Any CPU
		{3E41D5D6-F2C4-EC9F-4493-9F20028C8CEA}.AppStore|iPhone.ActiveCfg = Release|Any CPU
		{3E41D5D6-F2C4-EC9F-4493-9F20028C8CEA}.AppStore|iPhone.Build.0 = Release|Any CPU
		{3E41D5D6-F2C4-EC9F-4493-9F20028C8CEA}.AppStore|iPhoneSimulator.ActiveCfg = Release|Any CPU
		{3E41D5D6-F2C4-EC9F-4493-9F20028C8CEA}.AppStore|iPhoneSimulator.Build.0 = Release|Any CPU
		{3E41D5D6-F2C4-EC9F-4493-9F20028C8CEA}.AppStore|x86.ActiveCfg = Release|Any CPU
		{3E41D5D6-F2C4-EC9F-4493-9F20028C8CEA}.AppStore|x86.Build.0 = Release|Any CPU
		{3E41D5D6-F2C4-EC9F-4493-9F20028C8CEA}.Debug|Any CPU.ActiveCfg = Debug|Any CPU
		{3E41D5D6-F2C4-EC9F-4493-9F20028C8CEA}.Debug|Any CPU.Build.0 = Debug|Any CPU
		{3E41D5D6-F2C4-EC9F-4493-9F20028C8CEA}.Debug|iPhone.ActiveCfg = Debug|Any CPU
		{3E41D5D6-F2C4-EC9F-4493-9F20028C8CEA}.Debug|iPhone.Build.0 = Debug|Any CPU
		{3E41D5D6-F2C4-EC9F-4493-9F20028C8CEA}.Debug|iPhoneSimulator.ActiveCfg = Debug|Any CPU
		{3E41D5D6-F2C4-EC9F-4493-9F20028C8CEA}.Debug|iPhoneSimulator.Build.0 = Debug|Any CPU
		{3E41D5D6-F2C4-EC9F-4493-9F20028C8CEA}.Debug|x86.ActiveCfg = Debug|Any CPU
		{3E41D5D6-F2C4-EC9F-4493-9F20028C8CEA}.Debug|x86.Build.0 = Debug|Any CPU
		{3E41D5D6-F2C4-EC9F-4493-9F20028C8CEA}.Release|Any CPU.ActiveCfg = Release|Any CPU
		{3E41D5D6-F2C4-EC9F-4493-9F20028C8CEA}.Release|Any CPU.Build.0 = Release|Any CPU
		{3E41D5D6-F2C4-EC9F-4493-9F20028C8CEA}.Release|iPhone.ActiveCfg = Release|Any CPU
		{3E41D5D6-F2C4-EC9F-4493-9F20028C8CEA}.Release|iPhone.Build.0 = Release|Any CPU
		{3E41D5D6-F2C4-EC9F-4493-9F20028C8CEA}.Release|iPhoneSimulator.ActiveCfg = Release|Any CPU
		{3E41D5D6-F2C4-EC9F-4493-9F20028C8CEA}.Release|iPhoneSimulator.Build.0 = Release|Any CPU
		{3E41D5D6-F2C4-EC9F-4493-9F20028C8CEA}.Release|x86.ActiveCfg = Release|Any CPU
		{3E41D5D6-F2C4-EC9F-4493-9F20028C8CEA}.Release|x86.Build.0 = Release|Any CPU
		{886280B1-2565-2173-2DF6-E4349A115D45}.Ad-Hoc|Any CPU.ActiveCfg = Release|Any CPU
		{886280B1-2565-2173-2DF6-E4349A115D45}.Ad-Hoc|Any CPU.Build.0 = Release|Any CPU
		{886280B1-2565-2173-2DF6-E4349A115D45}.Ad-Hoc|iPhone.ActiveCfg = Release|Any CPU
		{886280B1-2565-2173-2DF6-E4349A115D45}.Ad-Hoc|iPhone.Build.0 = Release|Any CPU
		{886280B1-2565-2173-2DF6-E4349A115D45}.Ad-Hoc|iPhoneSimulator.ActiveCfg = Release|Any CPU
		{886280B1-2565-2173-2DF6-E4349A115D45}.Ad-Hoc|iPhoneSimulator.Build.0 = Release|Any CPU
		{886280B1-2565-2173-2DF6-E4349A115D45}.Ad-Hoc|x86.ActiveCfg = Release|Any CPU
		{886280B1-2565-2173-2DF6-E4349A115D45}.Ad-Hoc|x86.Build.0 = Release|Any CPU
		{886280B1-2565-2173-2DF6-E4349A115D45}.AppStore|Any CPU.ActiveCfg = Release|Any CPU
		{886280B1-2565-2173-2DF6-E4349A115D45}.AppStore|Any CPU.Build.0 = Release|Any CPU
		{886280B1-2565-2173-2DF6-E4349A115D45}.AppStore|iPhone.ActiveCfg = Release|Any CPU
		{886280B1-2565-2173-2DF6-E4349A115D45}.AppStore|iPhone.Build.0 = Release|Any CPU
		{886280B1-2565-2173-2DF6-E4349A115D45}.AppStore|iPhoneSimulator.ActiveCfg = Release|Any CPU
		{886280B1-2565-2173-2DF6-E4349A115D45}.AppStore|iPhoneSimulator.Build.0 = Release|Any CPU
		{886280B1-2565-2173-2DF6-E4349A115D45}.AppStore|x86.ActiveCfg = Release|Any CPU
		{886280B1-2565-2173-2DF6-E4349A115D45}.AppStore|x86.Build.0 = Release|Any CPU
		{886280B1-2565-2173-2DF6-E4349A115D45}.Debug|Any CPU.ActiveCfg = Debug|Any CPU
		{886280B1-2565-2173-2DF6-E4349A115D45}.Debug|Any CPU.Build.0 = Debug|Any CPU
		{886280B1-2565-2173-2DF6-E4349A115D45}.Debug|iPhone.ActiveCfg = Debug|Any CPU
		{886280B1-2565-2173-2DF6-E4349A115D45}.Debug|iPhone.Build.0 = Debug|Any CPU
		{886280B1-2565-2173-2DF6-E4349A115D45}.Debug|iPhoneSimulator.ActiveCfg = Debug|Any CPU
		{886280B1-2565-2173-2DF6-E4349A115D45}.Debug|iPhoneSimulator.Build.0 = Debug|Any CPU
		{886280B1-2565-2173-2DF6-E4349A115D45}.Debug|x86.ActiveCfg = Debug|Any CPU
		{886280B1-2565-2173-2DF6-E4349A115D45}.Debug|x86.Build.0 = Debug|Any CPU
		{886280B1-2565-2173-2DF6-E4349A115D45}.Release|Any CPU.ActiveCfg = Release|Any CPU
		{886280B1-2565-2173-2DF6-E4349A115D45}.Release|Any CPU.Build.0 = Release|Any CPU
		{886280B1-2565-2173-2DF6-E4349A115D45}.Release|iPhone.ActiveCfg = Release|Any CPU
		{886280B1-2565-2173-2DF6-E4349A115D45}.Release|iPhone.Build.0 = Release|Any CPU
		{886280B1-2565-2173-2DF6-E4349A115D45}.Release|iPhoneSimulator.ActiveCfg = Release|Any CPU
		{886280B1-2565-2173-2DF6-E4349A115D45}.Release|iPhoneSimulator.Build.0 = Release|Any CPU
		{886280B1-2565-2173-2DF6-E4349A115D45}.Release|x86.ActiveCfg = Release|Any CPU
		{886280B1-2565-2173-2DF6-E4349A115D45}.Release|x86.Build.0 = Release|Any CPU
		{3B1DB21E-FC6B-ADF6-4FC9-395AC6911363}.Ad-Hoc|Any CPU.ActiveCfg = Release|Any CPU
		{3B1DB21E-FC6B-ADF6-4FC9-395AC6911363}.Ad-Hoc|Any CPU.Build.0 = Release|Any CPU
		{3B1DB21E-FC6B-ADF6-4FC9-395AC6911363}.Ad-Hoc|iPhone.ActiveCfg = Release|Any CPU
		{3B1DB21E-FC6B-ADF6-4FC9-395AC6911363}.Ad-Hoc|iPhone.Build.0 = Release|Any CPU
		{3B1DB21E-FC6B-ADF6-4FC9-395AC6911363}.Ad-Hoc|iPhoneSimulator.ActiveCfg = Release|Any CPU
		{3B1DB21E-FC6B-ADF6-4FC9-395AC6911363}.Ad-Hoc|iPhoneSimulator.Build.0 = Release|Any CPU
		{3B1DB21E-FC6B-ADF6-4FC9-395AC6911363}.Ad-Hoc|x86.ActiveCfg = Release|Any CPU
		{3B1DB21E-FC6B-ADF6-4FC9-395AC6911363}.Ad-Hoc|x86.Build.0 = Release|Any CPU
		{3B1DB21E-FC6B-ADF6-4FC9-395AC6911363}.AppStore|Any CPU.ActiveCfg = Release|Any CPU
		{3B1DB21E-FC6B-ADF6-4FC9-395AC6911363}.AppStore|Any CPU.Build.0 = Release|Any CPU
		{3B1DB21E-FC6B-ADF6-4FC9-395AC6911363}.AppStore|iPhone.ActiveCfg = Release|Any CPU
		{3B1DB21E-FC6B-ADF6-4FC9-395AC6911363}.AppStore|iPhone.Build.0 = Release|Any CPU
		{3B1DB21E-FC6B-ADF6-4FC9-395AC6911363}.AppStore|iPhoneSimulator.ActiveCfg = Release|Any CPU
		{3B1DB21E-FC6B-ADF6-4FC9-395AC6911363}.AppStore|iPhoneSimulator.Build.0 = Release|Any CPU
		{3B1DB21E-FC6B-ADF6-4FC9-395AC6911363}.AppStore|x86.ActiveCfg = Release|Any CPU
		{3B1DB21E-FC6B-ADF6-4FC9-395AC6911363}.AppStore|x86.Build.0 = Release|Any CPU
		{3B1DB21E-FC6B-ADF6-4FC9-395AC6911363}.Debug|Any CPU.ActiveCfg = Debug|Any CPU
		{3B1DB21E-FC6B-ADF6-4FC9-395AC6911363}.Debug|Any CPU.Build.0 = Debug|Any CPU
		{3B1DB21E-FC6B-ADF6-4FC9-395AC6911363}.Debug|iPhone.ActiveCfg = Debug|Any CPU
		{3B1DB21E-FC6B-ADF6-4FC9-395AC6911363}.Debug|iPhone.Build.0 = Debug|Any CPU
		{3B1DB21E-FC6B-ADF6-4FC9-395AC6911363}.Debug|iPhoneSimulator.ActiveCfg = Debug|Any CPU
		{3B1DB21E-FC6B-ADF6-4FC9-395AC6911363}.Debug|iPhoneSimulator.Build.0 = Debug|Any CPU
		{3B1DB21E-FC6B-ADF6-4FC9-395AC6911363}.Debug|x86.ActiveCfg = Debug|Any CPU
		{3B1DB21E-FC6B-ADF6-4FC9-395AC6911363}.Debug|x86.Build.0 = Debug|Any CPU
		{3B1DB21E-FC6B-ADF6-4FC9-395AC6911363}.Release|Any CPU.ActiveCfg = Release|Any CPU
		{3B1DB21E-FC6B-ADF6-4FC9-395AC6911363}.Release|Any CPU.Build.0 = Release|Any CPU
		{3B1DB21E-FC6B-ADF6-4FC9-395AC6911363}.Release|iPhone.ActiveCfg = Release|Any CPU
		{3B1DB21E-FC6B-ADF6-4FC9-395AC6911363}.Release|iPhone.Build.0 = Release|Any CPU
		{3B1DB21E-FC6B-ADF6-4FC9-395AC6911363}.Release|iPhoneSimulator.ActiveCfg = Release|Any CPU
		{3B1DB21E-FC6B-ADF6-4FC9-395AC6911363}.Release|iPhoneSimulator.Build.0 = Release|Any CPU
		{3B1DB21E-FC6B-ADF6-4FC9-395AC6911363}.Release|x86.ActiveCfg = Release|Any CPU
		{3B1DB21E-FC6B-ADF6-4FC9-395AC6911363}.Release|x86.Build.0 = Release|Any CPU
		{5630F78C-C81D-5D99-BF38-45F784E79116}.Ad-Hoc|Any CPU.ActiveCfg = Release|Any CPU
		{5630F78C-C81D-5D99-BF38-45F784E79116}.Ad-Hoc|Any CPU.Build.0 = Release|Any CPU
		{5630F78C-C81D-5D99-BF38-45F784E79116}.Ad-Hoc|iPhone.ActiveCfg = Release|Any CPU
		{5630F78C-C81D-5D99-BF38-45F784E79116}.Ad-Hoc|iPhone.Build.0 = Release|Any CPU
		{5630F78C-C81D-5D99-BF38-45F784E79116}.Ad-Hoc|iPhoneSimulator.ActiveCfg = Release|Any CPU
		{5630F78C-C81D-5D99-BF38-45F784E79116}.Ad-Hoc|iPhoneSimulator.Build.0 = Release|Any CPU
		{5630F78C-C81D-5D99-BF38-45F784E79116}.Ad-Hoc|x86.ActiveCfg = Release|Any CPU
		{5630F78C-C81D-5D99-BF38-45F784E79116}.Ad-Hoc|x86.Build.0 = Release|Any CPU
		{5630F78C-C81D-5D99-BF38-45F784E79116}.AppStore|Any CPU.ActiveCfg = Release|Any CPU
		{5630F78C-C81D-5D99-BF38-45F784E79116}.AppStore|Any CPU.Build.0 = Release|Any CPU
		{5630F78C-C81D-5D99-BF38-45F784E79116}.AppStore|iPhone.ActiveCfg = Release|Any CPU
		{5630F78C-C81D-5D99-BF38-45F784E79116}.AppStore|iPhone.Build.0 = Release|Any CPU
		{5630F78C-C81D-5D99-BF38-45F784E79116}.AppStore|iPhoneSimulator.ActiveCfg = Release|Any CPU
		{5630F78C-C81D-5D99-BF38-45F784E79116}.AppStore|iPhoneSimulator.Build.0 = Release|Any CPU
		{5630F78C-C81D-5D99-BF38-45F784E79116}.AppStore|x86.ActiveCfg = Release|Any CPU
		{5630F78C-C81D-5D99-BF38-45F784E79116}.AppStore|x86.Build.0 = Release|Any CPU
		{5630F78C-C81D-5D99-BF38-45F784E79116}.Debug|Any CPU.ActiveCfg = Debug|Any CPU
		{5630F78C-C81D-5D99-BF38-45F784E79116}.Debug|Any CPU.Build.0 = Debug|Any CPU
		{5630F78C-C81D-5D99-BF38-45F784E79116}.Debug|iPhone.ActiveCfg = Debug|Any CPU
		{5630F78C-C81D-5D99-BF38-45F784E79116}.Debug|iPhone.Build.0 = Debug|Any CPU
		{5630F78C-C81D-5D99-BF38-45F784E79116}.Debug|iPhoneSimulator.ActiveCfg = Debug|Any CPU
		{5630F78C-C81D-5D99-BF38-45F784E79116}.Debug|iPhoneSimulator.Build.0 = Debug|Any CPU
		{5630F78C-C81D-5D99-BF38-45F784E79116}.Debug|x86.ActiveCfg = Debug|Any CPU
		{5630F78C-C81D-5D99-BF38-45F784E79116}.Debug|x86.Build.0 = Debug|Any CPU
		{5630F78C-C81D-5D99-BF38-45F784E79116}.Release|Any CPU.ActiveCfg = Release|Any CPU
		{5630F78C-C81D-5D99-BF38-45F784E79116}.Release|Any CPU.Build.0 = Release|Any CPU
		{5630F78C-C81D-5D99-BF38-45F784E79116}.Release|iPhone.ActiveCfg = Release|Any CPU
		{5630F78C-C81D-5D99-BF38-45F784E79116}.Release|iPhone.Build.0 = Release|Any CPU
		{5630F78C-C81D-5D99-BF38-45F784E79116}.Release|iPhoneSimulator.ActiveCfg = Release|Any CPU
		{5630F78C-C81D-5D99-BF38-45F784E79116}.Release|iPhoneSimulator.Build.0 = Release|Any CPU
		{5630F78C-C81D-5D99-BF38-45F784E79116}.Release|x86.ActiveCfg = Release|Any CPU
		{5630F78C-C81D-5D99-BF38-45F784E79116}.Release|x86.Build.0 = Release|Any CPU
		{8F5AB72E-FC70-0422-7515-04C551383F95}.Ad-Hoc|Any CPU.ActiveCfg = Release|Any CPU
		{8F5AB72E-FC70-0422-7515-04C551383F95}.Ad-Hoc|Any CPU.Build.0 = Release|Any CPU
		{8F5AB72E-FC70-0422-7515-04C551383F95}.Ad-Hoc|iPhone.ActiveCfg = Release|Any CPU
		{8F5AB72E-FC70-0422-7515-04C551383F95}.Ad-Hoc|iPhone.Build.0 = Release|Any CPU
		{8F5AB72E-FC70-0422-7515-04C551383F95}.Ad-Hoc|iPhoneSimulator.ActiveCfg = Release|Any CPU
		{8F5AB72E-FC70-0422-7515-04C551383F95}.Ad-Hoc|iPhoneSimulator.Build.0 = Release|Any CPU
		{8F5AB72E-FC70-0422-7515-04C551383F95}.Ad-Hoc|x86.ActiveCfg = Release|Any CPU
		{8F5AB72E-FC70-0422-7515-04C551383F95}.Ad-Hoc|x86.Build.0 = Release|Any CPU
		{8F5AB72E-FC70-0422-7515-04C551383F95}.AppStore|Any CPU.ActiveCfg = Release|Any CPU
		{8F5AB72E-FC70-0422-7515-04C551383F95}.AppStore|Any CPU.Build.0 = Release|Any CPU
		{8F5AB72E-FC70-0422-7515-04C551383F95}.AppStore|iPhone.ActiveCfg = Release|Any CPU
		{8F5AB72E-FC70-0422-7515-04C551383F95}.AppStore|iPhone.Build.0 = Release|Any CPU
		{8F5AB72E-FC70-0422-7515-04C551383F95}.AppStore|iPhoneSimulator.ActiveCfg = Release|Any CPU
		{8F5AB72E-FC70-0422-7515-04C551383F95}.AppStore|iPhoneSimulator.Build.0 = Release|Any CPU
		{8F5AB72E-FC70-0422-7515-04C551383F95}.AppStore|x86.ActiveCfg = Release|Any CPU
		{8F5AB72E-FC70-0422-7515-04C551383F95}.AppStore|x86.Build.0 = Release|Any CPU
		{8F5AB72E-FC70-0422-7515-04C551383F95}.Debug|Any CPU.ActiveCfg = Debug|Any CPU
		{8F5AB72E-FC70-0422-7515-04C551383F95}.Debug|Any CPU.Build.0 = Debug|Any CPU
		{8F5AB72E-FC70-0422-7515-04C551383F95}.Debug|iPhone.ActiveCfg = Debug|Any CPU
		{8F5AB72E-FC70-0422-7515-04C551383F95}.Debug|iPhone.Build.0 = Debug|Any CPU
		{8F5AB72E-FC70-0422-7515-04C551383F95}.Debug|iPhoneSimulator.ActiveCfg = Debug|Any CPU
		{8F5AB72E-FC70-0422-7515-04C551383F95}.Debug|iPhoneSimulator.Build.0 = Debug|Any CPU
		{8F5AB72E-FC70-0422-7515-04C551383F95}.Debug|x86.ActiveCfg = Debug|Any CPU
		{8F5AB72E-FC70-0422-7515-04C551383F95}.Debug|x86.Build.0 = Debug|Any CPU
		{8F5AB72E-FC70-0422-7515-04C551383F95}.Release|Any CPU.ActiveCfg = Release|Any CPU
		{8F5AB72E-FC70-0422-7515-04C551383F95}.Release|Any CPU.Build.0 = Release|Any CPU
		{8F5AB72E-FC70-0422-7515-04C551383F95}.Release|iPhone.ActiveCfg = Release|Any CPU
		{8F5AB72E-FC70-0422-7515-04C551383F95}.Release|iPhone.Build.0 = Release|Any CPU
		{8F5AB72E-FC70-0422-7515-04C551383F95}.Release|iPhoneSimulator.ActiveCfg = Release|Any CPU
		{8F5AB72E-FC70-0422-7515-04C551383F95}.Release|iPhoneSimulator.Build.0 = Release|Any CPU
		{8F5AB72E-FC70-0422-7515-04C551383F95}.Release|x86.ActiveCfg = Release|Any CPU
		{8F5AB72E-FC70-0422-7515-04C551383F95}.Release|x86.Build.0 = Release|Any CPU
		{00B4BD4E-D607-7D6A-6B43-7FF12776003A}.Ad-Hoc|Any CPU.ActiveCfg = Release|Any CPU
		{00B4BD4E-D607-7D6A-6B43-7FF12776003A}.Ad-Hoc|Any CPU.Build.0 = Release|Any CPU
		{00B4BD4E-D607-7D6A-6B43-7FF12776003A}.Ad-Hoc|iPhone.ActiveCfg = Release|Any CPU
		{00B4BD4E-D607-7D6A-6B43-7FF12776003A}.Ad-Hoc|iPhone.Build.0 = Release|Any CPU
		{00B4BD4E-D607-7D6A-6B43-7FF12776003A}.Ad-Hoc|iPhoneSimulator.ActiveCfg = Release|Any CPU
		{00B4BD4E-D607-7D6A-6B43-7FF12776003A}.Ad-Hoc|iPhoneSimulator.Build.0 = Release|Any CPU
		{00B4BD4E-D607-7D6A-6B43-7FF12776003A}.Ad-Hoc|x86.ActiveCfg = Release|Any CPU
		{00B4BD4E-D607-7D6A-6B43-7FF12776003A}.Ad-Hoc|x86.Build.0 = Release|Any CPU
		{00B4BD4E-D607-7D6A-6B43-7FF12776003A}.AppStore|Any CPU.ActiveCfg = Release|Any CPU
		{00B4BD4E-D607-7D6A-6B43-7FF12776003A}.AppStore|Any CPU.Build.0 = Release|Any CPU
		{00B4BD4E-D607-7D6A-6B43-7FF12776003A}.AppStore|iPhone.ActiveCfg = Release|Any CPU
		{00B4BD4E-D607-7D6A-6B43-7FF12776003A}.AppStore|iPhone.Build.0 = Release|Any CPU
		{00B4BD4E-D607-7D6A-6B43-7FF12776003A}.AppStore|iPhoneSimulator.ActiveCfg = Release|Any CPU
		{00B4BD4E-D607-7D6A-6B43-7FF12776003A}.AppStore|iPhoneSimulator.Build.0 = Release|Any CPU
		{00B4BD4E-D607-7D6A-6B43-7FF12776003A}.AppStore|x86.ActiveCfg = Release|Any CPU
		{00B4BD4E-D607-7D6A-6B43-7FF12776003A}.AppStore|x86.Build.0 = Release|Any CPU
		{00B4BD4E-D607-7D6A-6B43-7FF12776003A}.Debug|Any CPU.ActiveCfg = Debug|Any CPU
		{00B4BD4E-D607-7D6A-6B43-7FF12776003A}.Debug|Any CPU.Build.0 = Debug|Any CPU
		{00B4BD4E-D607-7D6A-6B43-7FF12776003A}.Debug|iPhone.ActiveCfg = Debug|Any CPU
		{00B4BD4E-D607-7D6A-6B43-7FF12776003A}.Debug|iPhone.Build.0 = Debug|Any CPU
		{00B4BD4E-D607-7D6A-6B43-7FF12776003A}.Debug|iPhoneSimulator.ActiveCfg = Debug|Any CPU
		{00B4BD4E-D607-7D6A-6B43-7FF12776003A}.Debug|iPhoneSimulator.Build.0 = Debug|Any CPU
		{00B4BD4E-D607-7D6A-6B43-7FF12776003A}.Debug|x86.ActiveCfg = Debug|Any CPU
		{00B4BD4E-D607-7D6A-6B43-7FF12776003A}.Debug|x86.Build.0 = Debug|Any CPU
		{00B4BD4E-D607-7D6A-6B43-7FF12776003A}.Release|Any CPU.ActiveCfg = Release|Any CPU
		{00B4BD4E-D607-7D6A-6B43-7FF12776003A}.Release|Any CPU.Build.0 = Release|Any CPU
		{00B4BD4E-D607-7D6A-6B43-7FF12776003A}.Release|iPhone.ActiveCfg = Release|Any CPU
		{00B4BD4E-D607-7D6A-6B43-7FF12776003A}.Release|iPhone.Build.0 = Release|Any CPU
		{00B4BD4E-D607-7D6A-6B43-7FF12776003A}.Release|iPhoneSimulator.ActiveCfg = Release|Any CPU
		{00B4BD4E-D607-7D6A-6B43-7FF12776003A}.Release|iPhoneSimulator.Build.0 = Release|Any CPU
		{00B4BD4E-D607-7D6A-6B43-7FF12776003A}.Release|x86.ActiveCfg = Release|Any CPU
		{00B4BD4E-D607-7D6A-6B43-7FF12776003A}.Release|x86.Build.0 = Release|Any CPU
		{73326C15-C925-51B5-00C8-2F55EC0177E1}.Ad-Hoc|Any CPU.ActiveCfg = Release|Any CPU
		{73326C15-C925-51B5-00C8-2F55EC0177E1}.Ad-Hoc|Any CPU.Build.0 = Release|Any CPU
		{73326C15-C925-51B5-00C8-2F55EC0177E1}.Ad-Hoc|iPhone.ActiveCfg = Release|Any CPU
		{73326C15-C925-51B5-00C8-2F55EC0177E1}.Ad-Hoc|iPhone.Build.0 = Release|Any CPU
		{73326C15-C925-51B5-00C8-2F55EC0177E1}.Ad-Hoc|iPhoneSimulator.ActiveCfg = Release|Any CPU
		{73326C15-C925-51B5-00C8-2F55EC0177E1}.Ad-Hoc|iPhoneSimulator.Build.0 = Release|Any CPU
		{73326C15-C925-51B5-00C8-2F55EC0177E1}.Ad-Hoc|x86.ActiveCfg = Release|Any CPU
		{73326C15-C925-51B5-00C8-2F55EC0177E1}.Ad-Hoc|x86.Build.0 = Release|Any CPU
		{73326C15-C925-51B5-00C8-2F55EC0177E1}.AppStore|Any CPU.ActiveCfg = Release|Any CPU
		{73326C15-C925-51B5-00C8-2F55EC0177E1}.AppStore|Any CPU.Build.0 = Release|Any CPU
		{73326C15-C925-51B5-00C8-2F55EC0177E1}.AppStore|iPhone.ActiveCfg = Release|Any CPU
		{73326C15-C925-51B5-00C8-2F55EC0177E1}.AppStore|iPhone.Build.0 = Release|Any CPU
		{73326C15-C925-51B5-00C8-2F55EC0177E1}.AppStore|iPhoneSimulator.ActiveCfg = Release|Any CPU
		{73326C15-C925-51B5-00C8-2F55EC0177E1}.AppStore|iPhoneSimulator.Build.0 = Release|Any CPU
		{73326C15-C925-51B5-00C8-2F55EC0177E1}.AppStore|x86.ActiveCfg = Release|Any CPU
		{73326C15-C925-51B5-00C8-2F55EC0177E1}.AppStore|x86.Build.0 = Release|Any CPU
		{73326C15-C925-51B5-00C8-2F55EC0177E1}.Debug|Any CPU.ActiveCfg = Debug|Any CPU
		{73326C15-C925-51B5-00C8-2F55EC0177E1}.Debug|Any CPU.Build.0 = Debug|Any CPU
		{73326C15-C925-51B5-00C8-2F55EC0177E1}.Debug|iPhone.ActiveCfg = Debug|Any CPU
		{73326C15-C925-51B5-00C8-2F55EC0177E1}.Debug|iPhone.Build.0 = Debug|Any CPU
		{73326C15-C925-51B5-00C8-2F55EC0177E1}.Debug|iPhoneSimulator.ActiveCfg = Debug|Any CPU
		{73326C15-C925-51B5-00C8-2F55EC0177E1}.Debug|iPhoneSimulator.Build.0 = Debug|Any CPU
		{73326C15-C925-51B5-00C8-2F55EC0177E1}.Debug|x86.ActiveCfg = Debug|Any CPU
		{73326C15-C925-51B5-00C8-2F55EC0177E1}.Debug|x86.Build.0 = Debug|Any CPU
		{73326C15-C925-51B5-00C8-2F55EC0177E1}.Release|Any CPU.ActiveCfg = Release|Any CPU
		{73326C15-C925-51B5-00C8-2F55EC0177E1}.Release|Any CPU.Build.0 = Release|Any CPU
		{73326C15-C925-51B5-00C8-2F55EC0177E1}.Release|iPhone.ActiveCfg = Release|Any CPU
		{73326C15-C925-51B5-00C8-2F55EC0177E1}.Release|iPhone.Build.0 = Release|Any CPU
		{73326C15-C925-51B5-00C8-2F55EC0177E1}.Release|iPhoneSimulator.ActiveCfg = Release|Any CPU
		{73326C15-C925-51B5-00C8-2F55EC0177E1}.Release|iPhoneSimulator.Build.0 = Release|Any CPU
		{73326C15-C925-51B5-00C8-2F55EC0177E1}.Release|x86.ActiveCfg = Release|Any CPU
		{73326C15-C925-51B5-00C8-2F55EC0177E1}.Release|x86.Build.0 = Release|Any CPU
		{3951FE6D-6EE9-D164-1FF6-4709C0371171}.Ad-Hoc|Any CPU.ActiveCfg = Release|Any CPU
		{3951FE6D-6EE9-D164-1FF6-4709C0371171}.Ad-Hoc|Any CPU.Build.0 = Release|Any CPU
		{3951FE6D-6EE9-D164-1FF6-4709C0371171}.Ad-Hoc|iPhone.ActiveCfg = Release|Any CPU
		{3951FE6D-6EE9-D164-1FF6-4709C0371171}.Ad-Hoc|iPhone.Build.0 = Release|Any CPU
		{3951FE6D-6EE9-D164-1FF6-4709C0371171}.Ad-Hoc|iPhoneSimulator.ActiveCfg = Release|Any CPU
		{3951FE6D-6EE9-D164-1FF6-4709C0371171}.Ad-Hoc|iPhoneSimulator.Build.0 = Release|Any CPU
		{3951FE6D-6EE9-D164-1FF6-4709C0371171}.Ad-Hoc|x86.ActiveCfg = Release|Any CPU
		{3951FE6D-6EE9-D164-1FF6-4709C0371171}.Ad-Hoc|x86.Build.0 = Release|Any CPU
		{3951FE6D-6EE9-D164-1FF6-4709C0371171}.AppStore|Any CPU.ActiveCfg = Release|Any CPU
		{3951FE6D-6EE9-D164-1FF6-4709C0371171}.AppStore|Any CPU.Build.0 = Release|Any CPU
		{3951FE6D-6EE9-D164-1FF6-4709C0371171}.AppStore|iPhone.ActiveCfg = Release|Any CPU
		{3951FE6D-6EE9-D164-1FF6-4709C0371171}.AppStore|iPhone.Build.0 = Release|Any CPU
		{3951FE6D-6EE9-D164-1FF6-4709C0371171}.AppStore|iPhoneSimulator.ActiveCfg = Release|Any CPU
		{3951FE6D-6EE9-D164-1FF6-4709C0371171}.AppStore|iPhoneSimulator.Build.0 = Release|Any CPU
		{3951FE6D-6EE9-D164-1FF6-4709C0371171}.AppStore|x86.ActiveCfg = Release|Any CPU
		{3951FE6D-6EE9-D164-1FF6-4709C0371171}.AppStore|x86.Build.0 = Release|Any CPU
		{3951FE6D-6EE9-D164-1FF6-4709C0371171}.Debug|Any CPU.ActiveCfg = Debug|Any CPU
		{3951FE6D-6EE9-D164-1FF6-4709C0371171}.Debug|Any CPU.Build.0 = Debug|Any CPU
		{3951FE6D-6EE9-D164-1FF6-4709C0371171}.Debug|iPhone.ActiveCfg = Debug|Any CPU
		{3951FE6D-6EE9-D164-1FF6-4709C0371171}.Debug|iPhone.Build.0 = Debug|Any CPU
		{3951FE6D-6EE9-D164-1FF6-4709C0371171}.Debug|iPhoneSimulator.ActiveCfg = Debug|Any CPU
		{3951FE6D-6EE9-D164-1FF6-4709C0371171}.Debug|iPhoneSimulator.Build.0 = Debug|Any CPU
		{3951FE6D-6EE9-D164-1FF6-4709C0371171}.Debug|x86.ActiveCfg = Debug|Any CPU
		{3951FE6D-6EE9-D164-1FF6-4709C0371171}.Debug|x86.Build.0 = Debug|Any CPU
		{3951FE6D-6EE9-D164-1FF6-4709C0371171}.Release|Any CPU.ActiveCfg = Release|Any CPU
		{3951FE6D-6EE9-D164-1FF6-4709C0371171}.Release|Any CPU.Build.0 = Release|Any CPU
		{3951FE6D-6EE9-D164-1FF6-4709C0371171}.Release|iPhone.ActiveCfg = Release|Any CPU
		{3951FE6D-6EE9-D164-1FF6-4709C0371171}.Release|iPhone.Build.0 = Release|Any CPU
		{3951FE6D-6EE9-D164-1FF6-4709C0371171}.Release|iPhoneSimulator.ActiveCfg = Release|Any CPU
		{3951FE6D-6EE9-D164-1FF6-4709C0371171}.Release|iPhoneSimulator.Build.0 = Release|Any CPU
		{3951FE6D-6EE9-D164-1FF6-4709C0371171}.Release|x86.ActiveCfg = Release|Any CPU
		{3951FE6D-6EE9-D164-1FF6-4709C0371171}.Release|x86.Build.0 = Release|Any CPU
		{E8179A9D-D9FC-D481-3AF9-93C52141AC80}.Ad-Hoc|Any CPU.ActiveCfg = Release|Any CPU
		{E8179A9D-D9FC-D481-3AF9-93C52141AC80}.Ad-Hoc|Any CPU.Build.0 = Release|Any CPU
		{E8179A9D-D9FC-D481-3AF9-93C52141AC80}.Ad-Hoc|iPhone.ActiveCfg = Release|Any CPU
		{E8179A9D-D9FC-D481-3AF9-93C52141AC80}.Ad-Hoc|iPhone.Build.0 = Release|Any CPU
		{E8179A9D-D9FC-D481-3AF9-93C52141AC80}.Ad-Hoc|iPhoneSimulator.ActiveCfg = Release|Any CPU
		{E8179A9D-D9FC-D481-3AF9-93C52141AC80}.Ad-Hoc|iPhoneSimulator.Build.0 = Release|Any CPU
		{E8179A9D-D9FC-D481-3AF9-93C52141AC80}.Ad-Hoc|x86.ActiveCfg = Release|Any CPU
		{E8179A9D-D9FC-D481-3AF9-93C52141AC80}.Ad-Hoc|x86.Build.0 = Release|Any CPU
		{E8179A9D-D9FC-D481-3AF9-93C52141AC80}.AppStore|Any CPU.ActiveCfg = Release|Any CPU
		{E8179A9D-D9FC-D481-3AF9-93C52141AC80}.AppStore|Any CPU.Build.0 = Release|Any CPU
		{E8179A9D-D9FC-D481-3AF9-93C52141AC80}.AppStore|iPhone.ActiveCfg = Release|Any CPU
		{E8179A9D-D9FC-D481-3AF9-93C52141AC80}.AppStore|iPhone.Build.0 = Release|Any CPU
		{E8179A9D-D9FC-D481-3AF9-93C52141AC80}.AppStore|iPhoneSimulator.ActiveCfg = Release|Any CPU
		{E8179A9D-D9FC-D481-3AF9-93C52141AC80}.AppStore|iPhoneSimulator.Build.0 = Release|Any CPU
		{E8179A9D-D9FC-D481-3AF9-93C52141AC80}.AppStore|x86.ActiveCfg = Release|Any CPU
		{E8179A9D-D9FC-D481-3AF9-93C52141AC80}.AppStore|x86.Build.0 = Release|Any CPU
		{E8179A9D-D9FC-D481-3AF9-93C52141AC80}.Debug|Any CPU.ActiveCfg = Debug|Any CPU
		{E8179A9D-D9FC-D481-3AF9-93C52141AC80}.Debug|Any CPU.Build.0 = Debug|Any CPU
		{E8179A9D-D9FC-D481-3AF9-93C52141AC80}.Debug|iPhone.ActiveCfg = Debug|Any CPU
		{E8179A9D-D9FC-D481-3AF9-93C52141AC80}.Debug|iPhone.Build.0 = Debug|Any CPU
		{E8179A9D-D9FC-D481-3AF9-93C52141AC80}.Debug|iPhoneSimulator.ActiveCfg = Debug|Any CPU
		{E8179A9D-D9FC-D481-3AF9-93C52141AC80}.Debug|iPhoneSimulator.Build.0 = Debug|Any CPU
		{E8179A9D-D9FC-D481-3AF9-93C52141AC80}.Debug|x86.ActiveCfg = Debug|Any CPU
		{E8179A9D-D9FC-D481-3AF9-93C52141AC80}.Debug|x86.Build.0 = Debug|Any CPU
		{E8179A9D-D9FC-D481-3AF9-93C52141AC80}.Release|Any CPU.ActiveCfg = Release|Any CPU
		{E8179A9D-D9FC-D481-3AF9-93C52141AC80}.Release|Any CPU.Build.0 = Release|Any CPU
		{E8179A9D-D9FC-D481-3AF9-93C52141AC80}.Release|iPhone.ActiveCfg = Release|Any CPU
		{E8179A9D-D9FC-D481-3AF9-93C52141AC80}.Release|iPhone.Build.0 = Release|Any CPU
		{E8179A9D-D9FC-D481-3AF9-93C52141AC80}.Release|iPhoneSimulator.ActiveCfg = Release|Any CPU
		{E8179A9D-D9FC-D481-3AF9-93C52141AC80}.Release|iPhoneSimulator.Build.0 = Release|Any CPU
		{E8179A9D-D9FC-D481-3AF9-93C52141AC80}.Release|x86.ActiveCfg = Release|Any CPU
		{E8179A9D-D9FC-D481-3AF9-93C52141AC80}.Release|x86.Build.0 = Release|Any CPU
		{DDC63E27-7E28-63F4-77E6-A67FD8C9BC5F}.Ad-Hoc|Any CPU.ActiveCfg = Release|Any CPU
		{DDC63E27-7E28-63F4-77E6-A67FD8C9BC5F}.Ad-Hoc|Any CPU.Build.0 = Release|Any CPU
		{DDC63E27-7E28-63F4-77E6-A67FD8C9BC5F}.Ad-Hoc|iPhone.ActiveCfg = Release|Any CPU
		{DDC63E27-7E28-63F4-77E6-A67FD8C9BC5F}.Ad-Hoc|iPhone.Build.0 = Release|Any CPU
		{DDC63E27-7E28-63F4-77E6-A67FD8C9BC5F}.Ad-Hoc|iPhoneSimulator.ActiveCfg = Release|Any CPU
		{DDC63E27-7E28-63F4-77E6-A67FD8C9BC5F}.Ad-Hoc|iPhoneSimulator.Build.0 = Release|Any CPU
		{DDC63E27-7E28-63F4-77E6-A67FD8C9BC5F}.Ad-Hoc|x86.ActiveCfg = Release|Any CPU
		{DDC63E27-7E28-63F4-77E6-A67FD8C9BC5F}.Ad-Hoc|x86.Build.0 = Release|Any CPU
		{DDC63E27-7E28-63F4-77E6-A67FD8C9BC5F}.AppStore|Any CPU.ActiveCfg = Release|Any CPU
		{DDC63E27-7E28-63F4-77E6-A67FD8C9BC5F}.AppStore|Any CPU.Build.0 = Release|Any CPU
		{DDC63E27-7E28-63F4-77E6-A67FD8C9BC5F}.AppStore|iPhone.ActiveCfg = Release|Any CPU
		{DDC63E27-7E28-63F4-77E6-A67FD8C9BC5F}.AppStore|iPhone.Build.0 = Release|Any CPU
		{DDC63E27-7E28-63F4-77E6-A67FD8C9BC5F}.AppStore|iPhoneSimulator.ActiveCfg = Release|Any CPU
		{DDC63E27-7E28-63F4-77E6-A67FD8C9BC5F}.AppStore|iPhoneSimulator.Build.0 = Release|Any CPU
		{DDC63E27-7E28-63F4-77E6-A67FD8C9BC5F}.AppStore|x86.ActiveCfg = Release|Any CPU
		{DDC63E27-7E28-63F4-77E6-A67FD8C9BC5F}.AppStore|x86.Build.0 = Release|Any CPU
		{DDC63E27-7E28-63F4-77E6-A67FD8C9BC5F}.Debug|Any CPU.ActiveCfg = Debug|Any CPU
		{DDC63E27-7E28-63F4-77E6-A67FD8C9BC5F}.Debug|Any CPU.Build.0 = Debug|Any CPU
		{DDC63E27-7E28-63F4-77E6-A67FD8C9BC5F}.Debug|iPhone.ActiveCfg = Debug|Any CPU
		{DDC63E27-7E28-63F4-77E6-A67FD8C9BC5F}.Debug|iPhone.Build.0 = Debug|Any CPU
		{DDC63E27-7E28-63F4-77E6-A67FD8C9BC5F}.Debug|iPhoneSimulator.ActiveCfg = Debug|Any CPU
		{DDC63E27-7E28-63F4-77E6-A67FD8C9BC5F}.Debug|iPhoneSimulator.Build.0 = Debug|Any CPU
		{DDC63E27-7E28-63F4-77E6-A67FD8C9BC5F}.Debug|x86.ActiveCfg = Debug|Any CPU
		{DDC63E27-7E28-63F4-77E6-A67FD8C9BC5F}.Debug|x86.Build.0 = Debug|Any CPU
		{DDC63E27-7E28-63F4-77E6-A67FD8C9BC5F}.Release|Any CPU.ActiveCfg = Release|Any CPU
		{DDC63E27-7E28-63F4-77E6-A67FD8C9BC5F}.Release|Any CPU.Build.0 = Release|Any CPU
		{DDC63E27-7E28-63F4-77E6-A67FD8C9BC5F}.Release|iPhone.ActiveCfg = Release|Any CPU
		{DDC63E27-7E28-63F4-77E6-A67FD8C9BC5F}.Release|iPhone.Build.0 = Release|Any CPU
		{DDC63E27-7E28-63F4-77E6-A67FD8C9BC5F}.Release|iPhoneSimulator.ActiveCfg = Release|Any CPU
		{DDC63E27-7E28-63F4-77E6-A67FD8C9BC5F}.Release|iPhoneSimulator.Build.0 = Release|Any CPU
		{DDC63E27-7E28-63F4-77E6-A67FD8C9BC5F}.Release|x86.ActiveCfg = Release|Any CPU
		{DDC63E27-7E28-63F4-77E6-A67FD8C9BC5F}.Release|x86.Build.0 = Release|Any CPU
		{D18FCF5E-8432-D7DA-5F9C-86DA37066D1D}.Ad-Hoc|Any CPU.ActiveCfg = Release|Any CPU
		{D18FCF5E-8432-D7DA-5F9C-86DA37066D1D}.Ad-Hoc|Any CPU.Build.0 = Release|Any CPU
		{D18FCF5E-8432-D7DA-5F9C-86DA37066D1D}.Ad-Hoc|iPhone.ActiveCfg = Release|Any CPU
		{D18FCF5E-8432-D7DA-5F9C-86DA37066D1D}.Ad-Hoc|iPhone.Build.0 = Release|Any CPU
		{D18FCF5E-8432-D7DA-5F9C-86DA37066D1D}.Ad-Hoc|iPhoneSimulator.ActiveCfg = Release|Any CPU
		{D18FCF5E-8432-D7DA-5F9C-86DA37066D1D}.Ad-Hoc|iPhoneSimulator.Build.0 = Release|Any CPU
		{D18FCF5E-8432-D7DA-5F9C-86DA37066D1D}.Ad-Hoc|x86.ActiveCfg = Release|Any CPU
		{D18FCF5E-8432-D7DA-5F9C-86DA37066D1D}.Ad-Hoc|x86.Build.0 = Release|Any CPU
		{D18FCF5E-8432-D7DA-5F9C-86DA37066D1D}.AppStore|Any CPU.ActiveCfg = Release|Any CPU
		{D18FCF5E-8432-D7DA-5F9C-86DA37066D1D}.AppStore|Any CPU.Build.0 = Release|Any CPU
		{D18FCF5E-8432-D7DA-5F9C-86DA37066D1D}.AppStore|iPhone.ActiveCfg = Release|Any CPU
		{D18FCF5E-8432-D7DA-5F9C-86DA37066D1D}.AppStore|iPhone.Build.0 = Release|Any CPU
		{D18FCF5E-8432-D7DA-5F9C-86DA37066D1D}.AppStore|iPhoneSimulator.ActiveCfg = Release|Any CPU
		{D18FCF5E-8432-D7DA-5F9C-86DA37066D1D}.AppStore|iPhoneSimulator.Build.0 = Release|Any CPU
		{D18FCF5E-8432-D7DA-5F9C-86DA37066D1D}.AppStore|x86.ActiveCfg = Release|Any CPU
		{D18FCF5E-8432-D7DA-5F9C-86DA37066D1D}.AppStore|x86.Build.0 = Release|Any CPU
		{D18FCF5E-8432-D7DA-5F9C-86DA37066D1D}.Debug|Any CPU.ActiveCfg = Debug|Any CPU
		{D18FCF5E-8432-D7DA-5F9C-86DA37066D1D}.Debug|Any CPU.Build.0 = Debug|Any CPU
		{D18FCF5E-8432-D7DA-5F9C-86DA37066D1D}.Debug|iPhone.ActiveCfg = Debug|Any CPU
		{D18FCF5E-8432-D7DA-5F9C-86DA37066D1D}.Debug|iPhone.Build.0 = Debug|Any CPU
		{D18FCF5E-8432-D7DA-5F9C-86DA37066D1D}.Debug|iPhoneSimulator.ActiveCfg = Debug|Any CPU
		{D18FCF5E-8432-D7DA-5F9C-86DA37066D1D}.Debug|iPhoneSimulator.Build.0 = Debug|Any CPU
		{D18FCF5E-8432-D7DA-5F9C-86DA37066D1D}.Debug|x86.ActiveCfg = Debug|Any CPU
		{D18FCF5E-8432-D7DA-5F9C-86DA37066D1D}.Debug|x86.Build.0 = Debug|Any CPU
		{D18FCF5E-8432-D7DA-5F9C-86DA37066D1D}.Release|Any CPU.ActiveCfg = Release|Any CPU
		{D18FCF5E-8432-D7DA-5F9C-86DA37066D1D}.Release|Any CPU.Build.0 = Release|Any CPU
		{D18FCF5E-8432-D7DA-5F9C-86DA37066D1D}.Release|iPhone.ActiveCfg = Release|Any CPU
		{D18FCF5E-8432-D7DA-5F9C-86DA37066D1D}.Release|iPhone.Build.0 = Release|Any CPU
		{D18FCF5E-8432-D7DA-5F9C-86DA37066D1D}.Release|iPhoneSimulator.ActiveCfg = Release|Any CPU
		{D18FCF5E-8432-D7DA-5F9C-86DA37066D1D}.Release|iPhoneSimulator.Build.0 = Release|Any CPU
		{D18FCF5E-8432-D7DA-5F9C-86DA37066D1D}.Release|x86.ActiveCfg = Release|Any CPU
		{D18FCF5E-8432-D7DA-5F9C-86DA37066D1D}.Release|x86.Build.0 = Release|Any CPU
		{9DEDF17F-C90C-750D-F928-59AB977E70DF}.Ad-Hoc|Any CPU.ActiveCfg = Release|Any CPU
		{9DEDF17F-C90C-750D-F928-59AB977E70DF}.Ad-Hoc|Any CPU.Build.0 = Release|Any CPU
		{9DEDF17F-C90C-750D-F928-59AB977E70DF}.Ad-Hoc|iPhone.ActiveCfg = Release|Any CPU
		{9DEDF17F-C90C-750D-F928-59AB977E70DF}.Ad-Hoc|iPhone.Build.0 = Release|Any CPU
		{9DEDF17F-C90C-750D-F928-59AB977E70DF}.Ad-Hoc|iPhoneSimulator.ActiveCfg = Release|Any CPU
		{9DEDF17F-C90C-750D-F928-59AB977E70DF}.Ad-Hoc|iPhoneSimulator.Build.0 = Release|Any CPU
		{9DEDF17F-C90C-750D-F928-59AB977E70DF}.Ad-Hoc|x86.ActiveCfg = Release|Any CPU
		{9DEDF17F-C90C-750D-F928-59AB977E70DF}.Ad-Hoc|x86.Build.0 = Release|Any CPU
		{9DEDF17F-C90C-750D-F928-59AB977E70DF}.AppStore|Any CPU.ActiveCfg = Release|Any CPU
		{9DEDF17F-C90C-750D-F928-59AB977E70DF}.AppStore|Any CPU.Build.0 = Release|Any CPU
		{9DEDF17F-C90C-750D-F928-59AB977E70DF}.AppStore|iPhone.ActiveCfg = Release|Any CPU
		{9DEDF17F-C90C-750D-F928-59AB977E70DF}.AppStore|iPhone.Build.0 = Release|Any CPU
		{9DEDF17F-C90C-750D-F928-59AB977E70DF}.AppStore|iPhoneSimulator.ActiveCfg = Release|Any CPU
		{9DEDF17F-C90C-750D-F928-59AB977E70DF}.AppStore|iPhoneSimulator.Build.0 = Release|Any CPU
		{9DEDF17F-C90C-750D-F928-59AB977E70DF}.AppStore|x86.ActiveCfg = Release|Any CPU
		{9DEDF17F-C90C-750D-F928-59AB977E70DF}.AppStore|x86.Build.0 = Release|Any CPU
		{9DEDF17F-C90C-750D-F928-59AB977E70DF}.Debug|Any CPU.ActiveCfg = Debug|Any CPU
		{9DEDF17F-C90C-750D-F928-59AB977E70DF}.Debug|Any CPU.Build.0 = Debug|Any CPU
		{9DEDF17F-C90C-750D-F928-59AB977E70DF}.Debug|iPhone.ActiveCfg = Debug|Any CPU
		{9DEDF17F-C90C-750D-F928-59AB977E70DF}.Debug|iPhone.Build.0 = Debug|Any CPU
		{9DEDF17F-C90C-750D-F928-59AB977E70DF}.Debug|iPhoneSimulator.ActiveCfg = Debug|Any CPU
		{9DEDF17F-C90C-750D-F928-59AB977E70DF}.Debug|iPhoneSimulator.Build.0 = Debug|Any CPU
		{9DEDF17F-C90C-750D-F928-59AB977E70DF}.Debug|x86.ActiveCfg = Debug|Any CPU
		{9DEDF17F-C90C-750D-F928-59AB977E70DF}.Debug|x86.Build.0 = Debug|Any CPU
		{9DEDF17F-C90C-750D-F928-59AB977E70DF}.Release|Any CPU.ActiveCfg = Release|Any CPU
		{9DEDF17F-C90C-750D-F928-59AB977E70DF}.Release|Any CPU.Build.0 = Release|Any CPU
		{9DEDF17F-C90C-750D-F928-59AB977E70DF}.Release|iPhone.ActiveCfg = Release|Any CPU
		{9DEDF17F-C90C-750D-F928-59AB977E70DF}.Release|iPhone.Build.0 = Release|Any CPU
		{9DEDF17F-C90C-750D-F928-59AB977E70DF}.Release|iPhoneSimulator.ActiveCfg = Release|Any CPU
		{9DEDF17F-C90C-750D-F928-59AB977E70DF}.Release|iPhoneSimulator.Build.0 = Release|Any CPU
		{9DEDF17F-C90C-750D-F928-59AB977E70DF}.Release|x86.ActiveCfg = Release|Any CPU
		{9DEDF17F-C90C-750D-F928-59AB977E70DF}.Release|x86.Build.0 = Release|Any CPU
		{5C6817C1-18C7-6FF0-6A3E-0BB70AF081D0}.Ad-Hoc|Any CPU.ActiveCfg = Release|Any CPU
		{5C6817C1-18C7-6FF0-6A3E-0BB70AF081D0}.Ad-Hoc|Any CPU.Build.0 = Release|Any CPU
		{5C6817C1-18C7-6FF0-6A3E-0BB70AF081D0}.Ad-Hoc|iPhone.ActiveCfg = Release|Any CPU
		{5C6817C1-18C7-6FF0-6A3E-0BB70AF081D0}.Ad-Hoc|iPhone.Build.0 = Release|Any CPU
		{5C6817C1-18C7-6FF0-6A3E-0BB70AF081D0}.Ad-Hoc|iPhoneSimulator.ActiveCfg = Release|Any CPU
		{5C6817C1-18C7-6FF0-6A3E-0BB70AF081D0}.Ad-Hoc|iPhoneSimulator.Build.0 = Release|Any CPU
		{5C6817C1-18C7-6FF0-6A3E-0BB70AF081D0}.Ad-Hoc|x86.ActiveCfg = Release|Any CPU
		{5C6817C1-18C7-6FF0-6A3E-0BB70AF081D0}.Ad-Hoc|x86.Build.0 = Release|Any CPU
		{5C6817C1-18C7-6FF0-6A3E-0BB70AF081D0}.AppStore|Any CPU.ActiveCfg = Release|Any CPU
		{5C6817C1-18C7-6FF0-6A3E-0BB70AF081D0}.AppStore|Any CPU.Build.0 = Release|Any CPU
		{5C6817C1-18C7-6FF0-6A3E-0BB70AF081D0}.AppStore|iPhone.ActiveCfg = Release|Any CPU
		{5C6817C1-18C7-6FF0-6A3E-0BB70AF081D0}.AppStore|iPhone.Build.0 = Release|Any CPU
		{5C6817C1-18C7-6FF0-6A3E-0BB70AF081D0}.AppStore|iPhoneSimulator.ActiveCfg = Release|Any CPU
		{5C6817C1-18C7-6FF0-6A3E-0BB70AF081D0}.AppStore|iPhoneSimulator.Build.0 = Release|Any CPU
		{5C6817C1-18C7-6FF0-6A3E-0BB70AF081D0}.AppStore|x86.ActiveCfg = Release|Any CPU
		{5C6817C1-18C7-6FF0-6A3E-0BB70AF081D0}.AppStore|x86.Build.0 = Release|Any CPU
		{5C6817C1-18C7-6FF0-6A3E-0BB70AF081D0}.Debug|Any CPU.ActiveCfg = Debug|Any CPU
		{5C6817C1-18C7-6FF0-6A3E-0BB70AF081D0}.Debug|Any CPU.Build.0 = Debug|Any CPU
		{5C6817C1-18C7-6FF0-6A3E-0BB70AF081D0}.Debug|iPhone.ActiveCfg = Debug|Any CPU
		{5C6817C1-18C7-6FF0-6A3E-0BB70AF081D0}.Debug|iPhone.Build.0 = Debug|Any CPU
		{5C6817C1-18C7-6FF0-6A3E-0BB70AF081D0}.Debug|iPhoneSimulator.ActiveCfg = Debug|Any CPU
		{5C6817C1-18C7-6FF0-6A3E-0BB70AF081D0}.Debug|iPhoneSimulator.Build.0 = Debug|Any CPU
		{5C6817C1-18C7-6FF0-6A3E-0BB70AF081D0}.Debug|x86.ActiveCfg = Debug|Any CPU
		{5C6817C1-18C7-6FF0-6A3E-0BB70AF081D0}.Debug|x86.Build.0 = Debug|Any CPU
		{5C6817C1-18C7-6FF0-6A3E-0BB70AF081D0}.Release|Any CPU.ActiveCfg = Release|Any CPU
		{5C6817C1-18C7-6FF0-6A3E-0BB70AF081D0}.Release|Any CPU.Build.0 = Release|Any CPU
		{5C6817C1-18C7-6FF0-6A3E-0BB70AF081D0}.Release|iPhone.ActiveCfg = Release|Any CPU
		{5C6817C1-18C7-6FF0-6A3E-0BB70AF081D0}.Release|iPhone.Build.0 = Release|Any CPU
		{5C6817C1-18C7-6FF0-6A3E-0BB70AF081D0}.Release|iPhoneSimulator.ActiveCfg = Release|Any CPU
		{5C6817C1-18C7-6FF0-6A3E-0BB70AF081D0}.Release|iPhoneSimulator.Build.0 = Release|Any CPU
		{5C6817C1-18C7-6FF0-6A3E-0BB70AF081D0}.Release|x86.ActiveCfg = Release|Any CPU
		{5C6817C1-18C7-6FF0-6A3E-0BB70AF081D0}.Release|x86.Build.0 = Release|Any CPU
		{D92101F5-E95B-35C4-353A-96B3ACD508A3}.Ad-Hoc|Any CPU.ActiveCfg = Release|Any CPU
		{D92101F5-E95B-35C4-353A-96B3ACD508A3}.Ad-Hoc|Any CPU.Build.0 = Release|Any CPU
		{D92101F5-E95B-35C4-353A-96B3ACD508A3}.Ad-Hoc|iPhone.ActiveCfg = Release|Any CPU
		{D92101F5-E95B-35C4-353A-96B3ACD508A3}.Ad-Hoc|iPhone.Build.0 = Release|Any CPU
		{D92101F5-E95B-35C4-353A-96B3ACD508A3}.Ad-Hoc|iPhoneSimulator.ActiveCfg = Release|Any CPU
		{D92101F5-E95B-35C4-353A-96B3ACD508A3}.Ad-Hoc|iPhoneSimulator.Build.0 = Release|Any CPU
		{D92101F5-E95B-35C4-353A-96B3ACD508A3}.Ad-Hoc|x86.ActiveCfg = Release|Any CPU
		{D92101F5-E95B-35C4-353A-96B3ACD508A3}.Ad-Hoc|x86.Build.0 = Release|Any CPU
		{D92101F5-E95B-35C4-353A-96B3ACD508A3}.AppStore|Any CPU.ActiveCfg = Release|Any CPU
		{D92101F5-E95B-35C4-353A-96B3ACD508A3}.AppStore|Any CPU.Build.0 = Release|Any CPU
		{D92101F5-E95B-35C4-353A-96B3ACD508A3}.AppStore|iPhone.ActiveCfg = Release|Any CPU
		{D92101F5-E95B-35C4-353A-96B3ACD508A3}.AppStore|iPhone.Build.0 = Release|Any CPU
		{D92101F5-E95B-35C4-353A-96B3ACD508A3}.AppStore|iPhoneSimulator.ActiveCfg = Release|Any CPU
		{D92101F5-E95B-35C4-353A-96B3ACD508A3}.AppStore|iPhoneSimulator.Build.0 = Release|Any CPU
		{D92101F5-E95B-35C4-353A-96B3ACD508A3}.AppStore|x86.ActiveCfg = Release|Any CPU
		{D92101F5-E95B-35C4-353A-96B3ACD508A3}.AppStore|x86.Build.0 = Release|Any CPU
		{D92101F5-E95B-35C4-353A-96B3ACD508A3}.Debug|Any CPU.ActiveCfg = Debug|Any CPU
		{D92101F5-E95B-35C4-353A-96B3ACD508A3}.Debug|Any CPU.Build.0 = Debug|Any CPU
		{D92101F5-E95B-35C4-353A-96B3ACD508A3}.Debug|iPhone.ActiveCfg = Debug|Any CPU
		{D92101F5-E95B-35C4-353A-96B3ACD508A3}.Debug|iPhone.Build.0 = Debug|Any CPU
		{D92101F5-E95B-35C4-353A-96B3ACD508A3}.Debug|iPhoneSimulator.ActiveCfg = Debug|Any CPU
		{D92101F5-E95B-35C4-353A-96B3ACD508A3}.Debug|iPhoneSimulator.Build.0 = Debug|Any CPU
		{D92101F5-E95B-35C4-353A-96B3ACD508A3}.Debug|x86.ActiveCfg = Debug|Any CPU
		{D92101F5-E95B-35C4-353A-96B3ACD508A3}.Debug|x86.Build.0 = Debug|Any CPU
		{D92101F5-E95B-35C4-353A-96B3ACD508A3}.Release|Any CPU.ActiveCfg = Release|Any CPU
		{D92101F5-E95B-35C4-353A-96B3ACD508A3}.Release|Any CPU.Build.0 = Release|Any CPU
		{D92101F5-E95B-35C4-353A-96B3ACD508A3}.Release|iPhone.ActiveCfg = Release|Any CPU
		{D92101F5-E95B-35C4-353A-96B3ACD508A3}.Release|iPhone.Build.0 = Release|Any CPU
		{D92101F5-E95B-35C4-353A-96B3ACD508A3}.Release|iPhoneSimulator.ActiveCfg = Release|Any CPU
		{D92101F5-E95B-35C4-353A-96B3ACD508A3}.Release|iPhoneSimulator.Build.0 = Release|Any CPU
		{D92101F5-E95B-35C4-353A-96B3ACD508A3}.Release|x86.ActiveCfg = Release|Any CPU
		{D92101F5-E95B-35C4-353A-96B3ACD508A3}.Release|x86.Build.0 = Release|Any CPU
		{41A0B22F-2D61-EEA6-BD80-F014F1C97742}.Ad-Hoc|Any CPU.ActiveCfg = Release|Any CPU
		{41A0B22F-2D61-EEA6-BD80-F014F1C97742}.Ad-Hoc|Any CPU.Build.0 = Release|Any CPU
		{41A0B22F-2D61-EEA6-BD80-F014F1C97742}.Ad-Hoc|iPhone.ActiveCfg = Release|Any CPU
		{41A0B22F-2D61-EEA6-BD80-F014F1C97742}.Ad-Hoc|iPhone.Build.0 = Release|Any CPU
		{41A0B22F-2D61-EEA6-BD80-F014F1C97742}.Ad-Hoc|iPhoneSimulator.ActiveCfg = Release|Any CPU
		{41A0B22F-2D61-EEA6-BD80-F014F1C97742}.Ad-Hoc|iPhoneSimulator.Build.0 = Release|Any CPU
		{41A0B22F-2D61-EEA6-BD80-F014F1C97742}.Ad-Hoc|x86.ActiveCfg = Release|Any CPU
		{41A0B22F-2D61-EEA6-BD80-F014F1C97742}.Ad-Hoc|x86.Build.0 = Release|Any CPU
		{41A0B22F-2D61-EEA6-BD80-F014F1C97742}.AppStore|Any CPU.ActiveCfg = Release|Any CPU
		{41A0B22F-2D61-EEA6-BD80-F014F1C97742}.AppStore|Any CPU.Build.0 = Release|Any CPU
		{41A0B22F-2D61-EEA6-BD80-F014F1C97742}.AppStore|iPhone.ActiveCfg = Release|Any CPU
		{41A0B22F-2D61-EEA6-BD80-F014F1C97742}.AppStore|iPhone.Build.0 = Release|Any CPU
		{41A0B22F-2D61-EEA6-BD80-F014F1C97742}.AppStore|iPhoneSimulator.ActiveCfg = Release|Any CPU
		{41A0B22F-2D61-EEA6-BD80-F014F1C97742}.AppStore|iPhoneSimulator.Build.0 = Release|Any CPU
		{41A0B22F-2D61-EEA6-BD80-F014F1C97742}.AppStore|x86.ActiveCfg = Release|Any CPU
		{41A0B22F-2D61-EEA6-BD80-F014F1C97742}.AppStore|x86.Build.0 = Release|Any CPU
		{41A0B22F-2D61-EEA6-BD80-F014F1C97742}.Debug|Any CPU.ActiveCfg = Debug|Any CPU
		{41A0B22F-2D61-EEA6-BD80-F014F1C97742}.Debug|Any CPU.Build.0 = Debug|Any CPU
		{41A0B22F-2D61-EEA6-BD80-F014F1C97742}.Debug|iPhone.ActiveCfg = Debug|Any CPU
		{41A0B22F-2D61-EEA6-BD80-F014F1C97742}.Debug|iPhone.Build.0 = Debug|Any CPU
		{41A0B22F-2D61-EEA6-BD80-F014F1C97742}.Debug|iPhoneSimulator.ActiveCfg = Debug|Any CPU
		{41A0B22F-2D61-EEA6-BD80-F014F1C97742}.Debug|iPhoneSimulator.Build.0 = Debug|Any CPU
		{41A0B22F-2D61-EEA6-BD80-F014F1C97742}.Debug|x86.ActiveCfg = Debug|Any CPU
		{41A0B22F-2D61-EEA6-BD80-F014F1C97742}.Debug|x86.Build.0 = Debug|Any CPU
		{41A0B22F-2D61-EEA6-BD80-F014F1C97742}.Release|Any CPU.ActiveCfg = Release|Any CPU
		{41A0B22F-2D61-EEA6-BD80-F014F1C97742}.Release|Any CPU.Build.0 = Release|Any CPU
		{41A0B22F-2D61-EEA6-BD80-F014F1C97742}.Release|iPhone.ActiveCfg = Release|Any CPU
		{41A0B22F-2D61-EEA6-BD80-F014F1C97742}.Release|iPhone.Build.0 = Release|Any CPU
		{41A0B22F-2D61-EEA6-BD80-F014F1C97742}.Release|iPhoneSimulator.ActiveCfg = Release|Any CPU
		{41A0B22F-2D61-EEA6-BD80-F014F1C97742}.Release|iPhoneSimulator.Build.0 = Release|Any CPU
		{41A0B22F-2D61-EEA6-BD80-F014F1C97742}.Release|x86.ActiveCfg = Release|Any CPU
		{41A0B22F-2D61-EEA6-BD80-F014F1C97742}.Release|x86.Build.0 = Release|Any CPU
		{CA8819E5-00C7-28EE-15C2-EA60B491E37A}.Ad-Hoc|Any CPU.ActiveCfg = Release|Any CPU
		{CA8819E5-00C7-28EE-15C2-EA60B491E37A}.Ad-Hoc|Any CPU.Build.0 = Release|Any CPU
		{CA8819E5-00C7-28EE-15C2-EA60B491E37A}.Ad-Hoc|iPhone.ActiveCfg = Release|Any CPU
		{CA8819E5-00C7-28EE-15C2-EA60B491E37A}.Ad-Hoc|iPhone.Build.0 = Release|Any CPU
		{CA8819E5-00C7-28EE-15C2-EA60B491E37A}.Ad-Hoc|iPhoneSimulator.ActiveCfg = Release|Any CPU
		{CA8819E5-00C7-28EE-15C2-EA60B491E37A}.Ad-Hoc|iPhoneSimulator.Build.0 = Release|Any CPU
		{CA8819E5-00C7-28EE-15C2-EA60B491E37A}.Ad-Hoc|x86.ActiveCfg = Release|Any CPU
		{CA8819E5-00C7-28EE-15C2-EA60B491E37A}.Ad-Hoc|x86.Build.0 = Release|Any CPU
		{CA8819E5-00C7-28EE-15C2-EA60B491E37A}.AppStore|Any CPU.ActiveCfg = Release|Any CPU
		{CA8819E5-00C7-28EE-15C2-EA60B491E37A}.AppStore|Any CPU.Build.0 = Release|Any CPU
		{CA8819E5-00C7-28EE-15C2-EA60B491E37A}.AppStore|iPhone.ActiveCfg = Release|Any CPU
		{CA8819E5-00C7-28EE-15C2-EA60B491E37A}.AppStore|iPhone.Build.0 = Release|Any CPU
		{CA8819E5-00C7-28EE-15C2-EA60B491E37A}.AppStore|iPhoneSimulator.ActiveCfg = Release|Any CPU
		{CA8819E5-00C7-28EE-15C2-EA60B491E37A}.AppStore|iPhoneSimulator.Build.0 = Release|Any CPU
		{CA8819E5-00C7-28EE-15C2-EA60B491E37A}.AppStore|x86.ActiveCfg = Release|Any CPU
		{CA8819E5-00C7-28EE-15C2-EA60B491E37A}.AppStore|x86.Build.0 = Release|Any CPU
		{CA8819E5-00C7-28EE-15C2-EA60B491E37A}.Debug|Any CPU.ActiveCfg = Debug|Any CPU
		{CA8819E5-00C7-28EE-15C2-EA60B491E37A}.Debug|Any CPU.Build.0 = Debug|Any CPU
		{CA8819E5-00C7-28EE-15C2-EA60B491E37A}.Debug|iPhone.ActiveCfg = Debug|Any CPU
		{CA8819E5-00C7-28EE-15C2-EA60B491E37A}.Debug|iPhone.Build.0 = Debug|Any CPU
		{CA8819E5-00C7-28EE-15C2-EA60B491E37A}.Debug|iPhoneSimulator.ActiveCfg = Debug|Any CPU
		{CA8819E5-00C7-28EE-15C2-EA60B491E37A}.Debug|iPhoneSimulator.Build.0 = Debug|Any CPU
		{CA8819E5-00C7-28EE-15C2-EA60B491E37A}.Debug|x86.ActiveCfg = Debug|Any CPU
		{CA8819E5-00C7-28EE-15C2-EA60B491E37A}.Debug|x86.Build.0 = Debug|Any CPU
		{CA8819E5-00C7-28EE-15C2-EA60B491E37A}.Release|Any CPU.ActiveCfg = Release|Any CPU
		{CA8819E5-00C7-28EE-15C2-EA60B491E37A}.Release|Any CPU.Build.0 = Release|Any CPU
		{CA8819E5-00C7-28EE-15C2-EA60B491E37A}.Release|iPhone.ActiveCfg = Release|Any CPU
		{CA8819E5-00C7-28EE-15C2-EA60B491E37A}.Release|iPhone.Build.0 = Release|Any CPU
		{CA8819E5-00C7-28EE-15C2-EA60B491E37A}.Release|iPhoneSimulator.ActiveCfg = Release|Any CPU
		{CA8819E5-00C7-28EE-15C2-EA60B491E37A}.Release|iPhoneSimulator.Build.0 = Release|Any CPU
		{CA8819E5-00C7-28EE-15C2-EA60B491E37A}.Release|x86.ActiveCfg = Release|Any CPU
		{CA8819E5-00C7-28EE-15C2-EA60B491E37A}.Release|x86.Build.0 = Release|Any CPU
		{FD46D626-E868-4B47-3903-6D9BEA01E0B2}.Ad-Hoc|Any CPU.ActiveCfg = Release|Any CPU
		{FD46D626-E868-4B47-3903-6D9BEA01E0B2}.Ad-Hoc|Any CPU.Build.0 = Release|Any CPU
		{FD46D626-E868-4B47-3903-6D9BEA01E0B2}.Ad-Hoc|iPhone.ActiveCfg = Release|Any CPU
		{FD46D626-E868-4B47-3903-6D9BEA01E0B2}.Ad-Hoc|iPhone.Build.0 = Release|Any CPU
		{FD46D626-E868-4B47-3903-6D9BEA01E0B2}.Ad-Hoc|iPhoneSimulator.ActiveCfg = Release|Any CPU
		{FD46D626-E868-4B47-3903-6D9BEA01E0B2}.Ad-Hoc|iPhoneSimulator.Build.0 = Release|Any CPU
		{FD46D626-E868-4B47-3903-6D9BEA01E0B2}.Ad-Hoc|x86.ActiveCfg = Release|Any CPU
		{FD46D626-E868-4B47-3903-6D9BEA01E0B2}.Ad-Hoc|x86.Build.0 = Release|Any CPU
		{FD46D626-E868-4B47-3903-6D9BEA01E0B2}.AppStore|Any CPU.ActiveCfg = Release|Any CPU
		{FD46D626-E868-4B47-3903-6D9BEA01E0B2}.AppStore|Any CPU.Build.0 = Release|Any CPU
		{FD46D626-E868-4B47-3903-6D9BEA01E0B2}.AppStore|iPhone.ActiveCfg = Release|Any CPU
		{FD46D626-E868-4B47-3903-6D9BEA01E0B2}.AppStore|iPhone.Build.0 = Release|Any CPU
		{FD46D626-E868-4B47-3903-6D9BEA01E0B2}.AppStore|iPhoneSimulator.ActiveCfg = Release|Any CPU
		{FD46D626-E868-4B47-3903-6D9BEA01E0B2}.AppStore|iPhoneSimulator.Build.0 = Release|Any CPU
		{FD46D626-E868-4B47-3903-6D9BEA01E0B2}.AppStore|x86.ActiveCfg = Release|Any CPU
		{FD46D626-E868-4B47-3903-6D9BEA01E0B2}.AppStore|x86.Build.0 = Release|Any CPU
		{FD46D626-E868-4B47-3903-6D9BEA01E0B2}.Debug|Any CPU.ActiveCfg = Debug|Any CPU
		{FD46D626-E868-4B47-3903-6D9BEA01E0B2}.Debug|Any CPU.Build.0 = Debug|Any CPU
		{FD46D626-E868-4B47-3903-6D9BEA01E0B2}.Debug|iPhone.ActiveCfg = Debug|Any CPU
		{FD46D626-E868-4B47-3903-6D9BEA01E0B2}.Debug|iPhone.Build.0 = Debug|Any CPU
		{FD46D626-E868-4B47-3903-6D9BEA01E0B2}.Debug|iPhoneSimulator.ActiveCfg = Debug|Any CPU
		{FD46D626-E868-4B47-3903-6D9BEA01E0B2}.Debug|iPhoneSimulator.Build.0 = Debug|Any CPU
		{FD46D626-E868-4B47-3903-6D9BEA01E0B2}.Debug|x86.ActiveCfg = Debug|Any CPU
		{FD46D626-E868-4B47-3903-6D9BEA01E0B2}.Debug|x86.Build.0 = Debug|Any CPU
		{FD46D626-E868-4B47-3903-6D9BEA01E0B2}.Release|Any CPU.ActiveCfg = Release|Any CPU
		{FD46D626-E868-4B47-3903-6D9BEA01E0B2}.Release|Any CPU.Build.0 = Release|Any CPU
		{FD46D626-E868-4B47-3903-6D9BEA01E0B2}.Release|iPhone.ActiveCfg = Release|Any CPU
		{FD46D626-E868-4B47-3903-6D9BEA01E0B2}.Release|iPhone.Build.0 = Release|Any CPU
		{FD46D626-E868-4B47-3903-6D9BEA01E0B2}.Release|iPhoneSimulator.ActiveCfg = Release|Any CPU
		{FD46D626-E868-4B47-3903-6D9BEA01E0B2}.Release|iPhoneSimulator.Build.0 = Release|Any CPU
		{FD46D626-E868-4B47-3903-6D9BEA01E0B2}.Release|x86.ActiveCfg = Release|Any CPU
		{FD46D626-E868-4B47-3903-6D9BEA01E0B2}.Release|x86.Build.0 = Release|Any CPU
		{39752F36-7B7A-1EF2-39D6-BA5EAD5521DB}.Ad-Hoc|Any CPU.ActiveCfg = Release|Any CPU
		{39752F36-7B7A-1EF2-39D6-BA5EAD5521DB}.Ad-Hoc|Any CPU.Build.0 = Release|Any CPU
		{39752F36-7B7A-1EF2-39D6-BA5EAD5521DB}.Ad-Hoc|iPhone.ActiveCfg = Release|Any CPU
		{39752F36-7B7A-1EF2-39D6-BA5EAD5521DB}.Ad-Hoc|iPhone.Build.0 = Release|Any CPU
		{39752F36-7B7A-1EF2-39D6-BA5EAD5521DB}.Ad-Hoc|iPhoneSimulator.ActiveCfg = Release|Any CPU
		{39752F36-7B7A-1EF2-39D6-BA5EAD5521DB}.Ad-Hoc|iPhoneSimulator.Build.0 = Release|Any CPU
		{39752F36-7B7A-1EF2-39D6-BA5EAD5521DB}.Ad-Hoc|x86.ActiveCfg = Release|Any CPU
		{39752F36-7B7A-1EF2-39D6-BA5EAD5521DB}.Ad-Hoc|x86.Build.0 = Release|Any CPU
		{39752F36-7B7A-1EF2-39D6-BA5EAD5521DB}.AppStore|Any CPU.ActiveCfg = Release|Any CPU
		{39752F36-7B7A-1EF2-39D6-BA5EAD5521DB}.AppStore|Any CPU.Build.0 = Release|Any CPU
		{39752F36-7B7A-1EF2-39D6-BA5EAD5521DB}.AppStore|iPhone.ActiveCfg = Release|Any CPU
		{39752F36-7B7A-1EF2-39D6-BA5EAD5521DB}.AppStore|iPhone.Build.0 = Release|Any CPU
		{39752F36-7B7A-1EF2-39D6-BA5EAD5521DB}.AppStore|iPhoneSimulator.ActiveCfg = Release|Any CPU
		{39752F36-7B7A-1EF2-39D6-BA5EAD5521DB}.AppStore|iPhoneSimulator.Build.0 = Release|Any CPU
		{39752F36-7B7A-1EF2-39D6-BA5EAD5521DB}.AppStore|x86.ActiveCfg = Release|Any CPU
		{39752F36-7B7A-1EF2-39D6-BA5EAD5521DB}.AppStore|x86.Build.0 = Release|Any CPU
		{39752F36-7B7A-1EF2-39D6-BA5EAD5521DB}.Debug|Any CPU.ActiveCfg = Debug|Any CPU
		{39752F36-7B7A-1EF2-39D6-BA5EAD5521DB}.Debug|Any CPU.Build.0 = Debug|Any CPU
		{39752F36-7B7A-1EF2-39D6-BA5EAD5521DB}.Debug|iPhone.ActiveCfg = Debug|Any CPU
		{39752F36-7B7A-1EF2-39D6-BA5EAD5521DB}.Debug|iPhone.Build.0 = Debug|Any CPU
		{39752F36-7B7A-1EF2-39D6-BA5EAD5521DB}.Debug|iPhoneSimulator.ActiveCfg = Debug|Any CPU
		{39752F36-7B7A-1EF2-39D6-BA5EAD5521DB}.Debug|iPhoneSimulator.Build.0 = Debug|Any CPU
		{39752F36-7B7A-1EF2-39D6-BA5EAD5521DB}.Debug|x86.ActiveCfg = Debug|Any CPU
		{39752F36-7B7A-1EF2-39D6-BA5EAD5521DB}.Debug|x86.Build.0 = Debug|Any CPU
		{39752F36-7B7A-1EF2-39D6-BA5EAD5521DB}.Release|Any CPU.ActiveCfg = Release|Any CPU
		{39752F36-7B7A-1EF2-39D6-BA5EAD5521DB}.Release|Any CPU.Build.0 = Release|Any CPU
		{39752F36-7B7A-1EF2-39D6-BA5EAD5521DB}.Release|iPhone.ActiveCfg = Release|Any CPU
		{39752F36-7B7A-1EF2-39D6-BA5EAD5521DB}.Release|iPhone.Build.0 = Release|Any CPU
		{39752F36-7B7A-1EF2-39D6-BA5EAD5521DB}.Release|iPhoneSimulator.ActiveCfg = Release|Any CPU
		{39752F36-7B7A-1EF2-39D6-BA5EAD5521DB}.Release|iPhoneSimulator.Build.0 = Release|Any CPU
		{39752F36-7B7A-1EF2-39D6-BA5EAD5521DB}.Release|x86.ActiveCfg = Release|Any CPU
		{39752F36-7B7A-1EF2-39D6-BA5EAD5521DB}.Release|x86.Build.0 = Release|Any CPU
		{6AE5E3A9-6224-FEE3-8B9E-C225F35688F6}.Ad-Hoc|Any CPU.ActiveCfg = Release|Any CPU
		{6AE5E3A9-6224-FEE3-8B9E-C225F35688F6}.Ad-Hoc|Any CPU.Build.0 = Release|Any CPU
		{6AE5E3A9-6224-FEE3-8B9E-C225F35688F6}.Ad-Hoc|iPhone.ActiveCfg = Release|Any CPU
		{6AE5E3A9-6224-FEE3-8B9E-C225F35688F6}.Ad-Hoc|iPhone.Build.0 = Release|Any CPU
		{6AE5E3A9-6224-FEE3-8B9E-C225F35688F6}.Ad-Hoc|iPhoneSimulator.ActiveCfg = Release|Any CPU
		{6AE5E3A9-6224-FEE3-8B9E-C225F35688F6}.Ad-Hoc|iPhoneSimulator.Build.0 = Release|Any CPU
		{6AE5E3A9-6224-FEE3-8B9E-C225F35688F6}.Ad-Hoc|x86.ActiveCfg = Release|Any CPU
		{6AE5E3A9-6224-FEE3-8B9E-C225F35688F6}.Ad-Hoc|x86.Build.0 = Release|Any CPU
		{6AE5E3A9-6224-FEE3-8B9E-C225F35688F6}.AppStore|Any CPU.ActiveCfg = Release|Any CPU
		{6AE5E3A9-6224-FEE3-8B9E-C225F35688F6}.AppStore|Any CPU.Build.0 = Release|Any CPU
		{6AE5E3A9-6224-FEE3-8B9E-C225F35688F6}.AppStore|iPhone.ActiveCfg = Release|Any CPU
		{6AE5E3A9-6224-FEE3-8B9E-C225F35688F6}.AppStore|iPhone.Build.0 = Release|Any CPU
		{6AE5E3A9-6224-FEE3-8B9E-C225F35688F6}.AppStore|iPhoneSimulator.ActiveCfg = Release|Any CPU
		{6AE5E3A9-6224-FEE3-8B9E-C225F35688F6}.AppStore|iPhoneSimulator.Build.0 = Release|Any CPU
		{6AE5E3A9-6224-FEE3-8B9E-C225F35688F6}.AppStore|x86.ActiveCfg = Release|Any CPU
		{6AE5E3A9-6224-FEE3-8B9E-C225F35688F6}.AppStore|x86.Build.0 = Release|Any CPU
		{6AE5E3A9-6224-FEE3-8B9E-C225F35688F6}.Debug|Any CPU.ActiveCfg = Debug|Any CPU
		{6AE5E3A9-6224-FEE3-8B9E-C225F35688F6}.Debug|Any CPU.Build.0 = Debug|Any CPU
		{6AE5E3A9-6224-FEE3-8B9E-C225F35688F6}.Debug|iPhone.ActiveCfg = Debug|Any CPU
		{6AE5E3A9-6224-FEE3-8B9E-C225F35688F6}.Debug|iPhone.Build.0 = Debug|Any CPU
		{6AE5E3A9-6224-FEE3-8B9E-C225F35688F6}.Debug|iPhoneSimulator.ActiveCfg = Debug|Any CPU
		{6AE5E3A9-6224-FEE3-8B9E-C225F35688F6}.Debug|iPhoneSimulator.Build.0 = Debug|Any CPU
		{6AE5E3A9-6224-FEE3-8B9E-C225F35688F6}.Debug|x86.ActiveCfg = Debug|Any CPU
		{6AE5E3A9-6224-FEE3-8B9E-C225F35688F6}.Debug|x86.Build.0 = Debug|Any CPU
		{6AE5E3A9-6224-FEE3-8B9E-C225F35688F6}.Release|Any CPU.ActiveCfg = Release|Any CPU
		{6AE5E3A9-6224-FEE3-8B9E-C225F35688F6}.Release|Any CPU.Build.0 = Release|Any CPU
		{6AE5E3A9-6224-FEE3-8B9E-C225F35688F6}.Release|iPhone.ActiveCfg = Release|Any CPU
		{6AE5E3A9-6224-FEE3-8B9E-C225F35688F6}.Release|iPhone.Build.0 = Release|Any CPU
		{6AE5E3A9-6224-FEE3-8B9E-C225F35688F6}.Release|iPhoneSimulator.ActiveCfg = Release|Any CPU
		{6AE5E3A9-6224-FEE3-8B9E-C225F35688F6}.Release|iPhoneSimulator.Build.0 = Release|Any CPU
		{6AE5E3A9-6224-FEE3-8B9E-C225F35688F6}.Release|x86.ActiveCfg = Release|Any CPU
		{6AE5E3A9-6224-FEE3-8B9E-C225F35688F6}.Release|x86.Build.0 = Release|Any CPU
		{DF206633-E5CA-DD6C-2EDD-4749224BFD0F}.Ad-Hoc|Any CPU.ActiveCfg = Release|Any CPU
		{DF206633-E5CA-DD6C-2EDD-4749224BFD0F}.Ad-Hoc|Any CPU.Build.0 = Release|Any CPU
		{DF206633-E5CA-DD6C-2EDD-4749224BFD0F}.Ad-Hoc|iPhone.ActiveCfg = Release|Any CPU
		{DF206633-E5CA-DD6C-2EDD-4749224BFD0F}.Ad-Hoc|iPhone.Build.0 = Release|Any CPU
		{DF206633-E5CA-DD6C-2EDD-4749224BFD0F}.Ad-Hoc|iPhoneSimulator.ActiveCfg = Release|Any CPU
		{DF206633-E5CA-DD6C-2EDD-4749224BFD0F}.Ad-Hoc|iPhoneSimulator.Build.0 = Release|Any CPU
		{DF206633-E5CA-DD6C-2EDD-4749224BFD0F}.Ad-Hoc|x86.ActiveCfg = Release|Any CPU
		{DF206633-E5CA-DD6C-2EDD-4749224BFD0F}.Ad-Hoc|x86.Build.0 = Release|Any CPU
		{DF206633-E5CA-DD6C-2EDD-4749224BFD0F}.AppStore|Any CPU.ActiveCfg = Release|Any CPU
		{DF206633-E5CA-DD6C-2EDD-4749224BFD0F}.AppStore|Any CPU.Build.0 = Release|Any CPU
		{DF206633-E5CA-DD6C-2EDD-4749224BFD0F}.AppStore|iPhone.ActiveCfg = Release|Any CPU
		{DF206633-E5CA-DD6C-2EDD-4749224BFD0F}.AppStore|iPhone.Build.0 = Release|Any CPU
		{DF206633-E5CA-DD6C-2EDD-4749224BFD0F}.AppStore|iPhoneSimulator.ActiveCfg = Release|Any CPU
		{DF206633-E5CA-DD6C-2EDD-4749224BFD0F}.AppStore|iPhoneSimulator.Build.0 = Release|Any CPU
		{DF206633-E5CA-DD6C-2EDD-4749224BFD0F}.AppStore|x86.ActiveCfg = Release|Any CPU
		{DF206633-E5CA-DD6C-2EDD-4749224BFD0F}.AppStore|x86.Build.0 = Release|Any CPU
		{DF206633-E5CA-DD6C-2EDD-4749224BFD0F}.Debug|Any CPU.ActiveCfg = Debug|Any CPU
		{DF206633-E5CA-DD6C-2EDD-4749224BFD0F}.Debug|Any CPU.Build.0 = Debug|Any CPU
		{DF206633-E5CA-DD6C-2EDD-4749224BFD0F}.Debug|iPhone.ActiveCfg = Debug|Any CPU
		{DF206633-E5CA-DD6C-2EDD-4749224BFD0F}.Debug|iPhone.Build.0 = Debug|Any CPU
		{DF206633-E5CA-DD6C-2EDD-4749224BFD0F}.Debug|iPhoneSimulator.ActiveCfg = Debug|Any CPU
		{DF206633-E5CA-DD6C-2EDD-4749224BFD0F}.Debug|iPhoneSimulator.Build.0 = Debug|Any CPU
		{DF206633-E5CA-DD6C-2EDD-4749224BFD0F}.Debug|x86.ActiveCfg = Debug|Any CPU
		{DF206633-E5CA-DD6C-2EDD-4749224BFD0F}.Debug|x86.Build.0 = Debug|Any CPU
		{DF206633-E5CA-DD6C-2EDD-4749224BFD0F}.Release|Any CPU.ActiveCfg = Release|Any CPU
		{DF206633-E5CA-DD6C-2EDD-4749224BFD0F}.Release|Any CPU.Build.0 = Release|Any CPU
		{DF206633-E5CA-DD6C-2EDD-4749224BFD0F}.Release|iPhone.ActiveCfg = Release|Any CPU
		{DF206633-E5CA-DD6C-2EDD-4749224BFD0F}.Release|iPhone.Build.0 = Release|Any CPU
		{DF206633-E5CA-DD6C-2EDD-4749224BFD0F}.Release|iPhoneSimulator.ActiveCfg = Release|Any CPU
		{DF206633-E5CA-DD6C-2EDD-4749224BFD0F}.Release|iPhoneSimulator.Build.0 = Release|Any CPU
		{DF206633-E5CA-DD6C-2EDD-4749224BFD0F}.Release|x86.ActiveCfg = Release|Any CPU
		{DF206633-E5CA-DD6C-2EDD-4749224BFD0F}.Release|x86.Build.0 = Release|Any CPU
		{F32E4F6C-B922-D03A-9266-3759316798E5}.Ad-Hoc|Any CPU.ActiveCfg = Release|Any CPU
		{F32E4F6C-B922-D03A-9266-3759316798E5}.Ad-Hoc|Any CPU.Build.0 = Release|Any CPU
		{F32E4F6C-B922-D03A-9266-3759316798E5}.Ad-Hoc|iPhone.ActiveCfg = Release|Any CPU
		{F32E4F6C-B922-D03A-9266-3759316798E5}.Ad-Hoc|iPhone.Build.0 = Release|Any CPU
		{F32E4F6C-B922-D03A-9266-3759316798E5}.Ad-Hoc|iPhoneSimulator.ActiveCfg = Release|Any CPU
		{F32E4F6C-B922-D03A-9266-3759316798E5}.Ad-Hoc|iPhoneSimulator.Build.0 = Release|Any CPU
		{F32E4F6C-B922-D03A-9266-3759316798E5}.Ad-Hoc|x86.ActiveCfg = Release|Any CPU
		{F32E4F6C-B922-D03A-9266-3759316798E5}.Ad-Hoc|x86.Build.0 = Release|Any CPU
		{F32E4F6C-B922-D03A-9266-3759316798E5}.AppStore|Any CPU.ActiveCfg = Release|Any CPU
		{F32E4F6C-B922-D03A-9266-3759316798E5}.AppStore|Any CPU.Build.0 = Release|Any CPU
		{F32E4F6C-B922-D03A-9266-3759316798E5}.AppStore|iPhone.ActiveCfg = Release|Any CPU
		{F32E4F6C-B922-D03A-9266-3759316798E5}.AppStore|iPhone.Build.0 = Release|Any CPU
		{F32E4F6C-B922-D03A-9266-3759316798E5}.AppStore|iPhoneSimulator.ActiveCfg = Release|Any CPU
		{F32E4F6C-B922-D03A-9266-3759316798E5}.AppStore|iPhoneSimulator.Build.0 = Release|Any CPU
		{F32E4F6C-B922-D03A-9266-3759316798E5}.AppStore|x86.ActiveCfg = Release|Any CPU
		{F32E4F6C-B922-D03A-9266-3759316798E5}.AppStore|x86.Build.0 = Release|Any CPU
		{F32E4F6C-B922-D03A-9266-3759316798E5}.Debug|Any CPU.ActiveCfg = Debug|Any CPU
		{F32E4F6C-B922-D03A-9266-3759316798E5}.Debug|Any CPU.Build.0 = Debug|Any CPU
		{F32E4F6C-B922-D03A-9266-3759316798E5}.Debug|iPhone.ActiveCfg = Debug|Any CPU
		{F32E4F6C-B922-D03A-9266-3759316798E5}.Debug|iPhone.Build.0 = Debug|Any CPU
		{F32E4F6C-B922-D03A-9266-3759316798E5}.Debug|iPhoneSimulator.ActiveCfg = Debug|Any CPU
		{F32E4F6C-B922-D03A-9266-3759316798E5}.Debug|iPhoneSimulator.Build.0 = Debug|Any CPU
		{F32E4F6C-B922-D03A-9266-3759316798E5}.Debug|x86.ActiveCfg = Debug|Any CPU
		{F32E4F6C-B922-D03A-9266-3759316798E5}.Debug|x86.Build.0 = Debug|Any CPU
		{F32E4F6C-B922-D03A-9266-3759316798E5}.Release|Any CPU.ActiveCfg = Release|Any CPU
		{F32E4F6C-B922-D03A-9266-3759316798E5}.Release|Any CPU.Build.0 = Release|Any CPU
		{F32E4F6C-B922-D03A-9266-3759316798E5}.Release|iPhone.ActiveCfg = Release|Any CPU
		{F32E4F6C-B922-D03A-9266-3759316798E5}.Release|iPhone.Build.0 = Release|Any CPU
		{F32E4F6C-B922-D03A-9266-3759316798E5}.Release|iPhoneSimulator.ActiveCfg = Release|Any CPU
		{F32E4F6C-B922-D03A-9266-3759316798E5}.Release|iPhoneSimulator.Build.0 = Release|Any CPU
		{F32E4F6C-B922-D03A-9266-3759316798E5}.Release|x86.ActiveCfg = Release|Any CPU
		{F32E4F6C-B922-D03A-9266-3759316798E5}.Release|x86.Build.0 = Release|Any CPU
		{48B4C334-BCC3-0FE3-D4A2-20B2F46B09EA}.Ad-Hoc|Any CPU.ActiveCfg = Release|Any CPU
		{48B4C334-BCC3-0FE3-D4A2-20B2F46B09EA}.Ad-Hoc|Any CPU.Build.0 = Release|Any CPU
		{48B4C334-BCC3-0FE3-D4A2-20B2F46B09EA}.Ad-Hoc|iPhone.ActiveCfg = Release|Any CPU
		{48B4C334-BCC3-0FE3-D4A2-20B2F46B09EA}.Ad-Hoc|iPhone.Build.0 = Release|Any CPU
		{48B4C334-BCC3-0FE3-D4A2-20B2F46B09EA}.Ad-Hoc|iPhoneSimulator.ActiveCfg = Release|Any CPU
		{48B4C334-BCC3-0FE3-D4A2-20B2F46B09EA}.Ad-Hoc|iPhoneSimulator.Build.0 = Release|Any CPU
		{48B4C334-BCC3-0FE3-D4A2-20B2F46B09EA}.Ad-Hoc|x86.ActiveCfg = Release|Any CPU
		{48B4C334-BCC3-0FE3-D4A2-20B2F46B09EA}.Ad-Hoc|x86.Build.0 = Release|Any CPU
		{48B4C334-BCC3-0FE3-D4A2-20B2F46B09EA}.AppStore|Any CPU.ActiveCfg = Release|Any CPU
		{48B4C334-BCC3-0FE3-D4A2-20B2F46B09EA}.AppStore|Any CPU.Build.0 = Release|Any CPU
		{48B4C334-BCC3-0FE3-D4A2-20B2F46B09EA}.AppStore|iPhone.ActiveCfg = Release|Any CPU
		{48B4C334-BCC3-0FE3-D4A2-20B2F46B09EA}.AppStore|iPhone.Build.0 = Release|Any CPU
		{48B4C334-BCC3-0FE3-D4A2-20B2F46B09EA}.AppStore|iPhoneSimulator.ActiveCfg = Release|Any CPU
		{48B4C334-BCC3-0FE3-D4A2-20B2F46B09EA}.AppStore|iPhoneSimulator.Build.0 = Release|Any CPU
		{48B4C334-BCC3-0FE3-D4A2-20B2F46B09EA}.AppStore|x86.ActiveCfg = Release|Any CPU
		{48B4C334-BCC3-0FE3-D4A2-20B2F46B09EA}.AppStore|x86.Build.0 = Release|Any CPU
		{48B4C334-BCC3-0FE3-D4A2-20B2F46B09EA}.Debug|Any CPU.ActiveCfg = Debug|Any CPU
		{48B4C334-BCC3-0FE3-D4A2-20B2F46B09EA}.Debug|Any CPU.Build.0 = Debug|Any CPU
		{48B4C334-BCC3-0FE3-D4A2-20B2F46B09EA}.Debug|iPhone.ActiveCfg = Debug|Any CPU
		{48B4C334-BCC3-0FE3-D4A2-20B2F46B09EA}.Debug|iPhone.Build.0 = Debug|Any CPU
		{48B4C334-BCC3-0FE3-D4A2-20B2F46B09EA}.Debug|iPhoneSimulator.ActiveCfg = Debug|Any CPU
		{48B4C334-BCC3-0FE3-D4A2-20B2F46B09EA}.Debug|iPhoneSimulator.Build.0 = Debug|Any CPU
		{48B4C334-BCC3-0FE3-D4A2-20B2F46B09EA}.Debug|x86.ActiveCfg = Debug|Any CPU
		{48B4C334-BCC3-0FE3-D4A2-20B2F46B09EA}.Debug|x86.Build.0 = Debug|Any CPU
		{48B4C334-BCC3-0FE3-D4A2-20B2F46B09EA}.Release|Any CPU.ActiveCfg = Release|Any CPU
		{48B4C334-BCC3-0FE3-D4A2-20B2F46B09EA}.Release|Any CPU.Build.0 = Release|Any CPU
		{48B4C334-BCC3-0FE3-D4A2-20B2F46B09EA}.Release|iPhone.ActiveCfg = Release|Any CPU
		{48B4C334-BCC3-0FE3-D4A2-20B2F46B09EA}.Release|iPhone.Build.0 = Release|Any CPU
		{48B4C334-BCC3-0FE3-D4A2-20B2F46B09EA}.Release|iPhoneSimulator.ActiveCfg = Release|Any CPU
		{48B4C334-BCC3-0FE3-D4A2-20B2F46B09EA}.Release|iPhoneSimulator.Build.0 = Release|Any CPU
		{48B4C334-BCC3-0FE3-D4A2-20B2F46B09EA}.Release|x86.ActiveCfg = Release|Any CPU
		{48B4C334-BCC3-0FE3-D4A2-20B2F46B09EA}.Release|x86.Build.0 = Release|Any CPU
		{112CB29C-702C-FF01-588E-BEF4AE33B18D}.Ad-Hoc|Any CPU.ActiveCfg = Release|Any CPU
		{112CB29C-702C-FF01-588E-BEF4AE33B18D}.Ad-Hoc|Any CPU.Build.0 = Release|Any CPU
		{112CB29C-702C-FF01-588E-BEF4AE33B18D}.Ad-Hoc|iPhone.ActiveCfg = Release|Any CPU
		{112CB29C-702C-FF01-588E-BEF4AE33B18D}.Ad-Hoc|iPhone.Build.0 = Release|Any CPU
		{112CB29C-702C-FF01-588E-BEF4AE33B18D}.Ad-Hoc|iPhoneSimulator.ActiveCfg = Release|Any CPU
		{112CB29C-702C-FF01-588E-BEF4AE33B18D}.Ad-Hoc|iPhoneSimulator.Build.0 = Release|Any CPU
		{112CB29C-702C-FF01-588E-BEF4AE33B18D}.Ad-Hoc|x86.ActiveCfg = Release|Any CPU
		{112CB29C-702C-FF01-588E-BEF4AE33B18D}.Ad-Hoc|x86.Build.0 = Release|Any CPU
		{112CB29C-702C-FF01-588E-BEF4AE33B18D}.AppStore|Any CPU.ActiveCfg = Release|Any CPU
		{112CB29C-702C-FF01-588E-BEF4AE33B18D}.AppStore|Any CPU.Build.0 = Release|Any CPU
		{112CB29C-702C-FF01-588E-BEF4AE33B18D}.AppStore|iPhone.ActiveCfg = Release|Any CPU
		{112CB29C-702C-FF01-588E-BEF4AE33B18D}.AppStore|iPhone.Build.0 = Release|Any CPU
		{112CB29C-702C-FF01-588E-BEF4AE33B18D}.AppStore|iPhoneSimulator.ActiveCfg = Release|Any CPU
		{112CB29C-702C-FF01-588E-BEF4AE33B18D}.AppStore|iPhoneSimulator.Build.0 = Release|Any CPU
		{112CB29C-702C-FF01-588E-BEF4AE33B18D}.AppStore|x86.ActiveCfg = Release|Any CPU
		{112CB29C-702C-FF01-588E-BEF4AE33B18D}.AppStore|x86.Build.0 = Release|Any CPU
		{112CB29C-702C-FF01-588E-BEF4AE33B18D}.Debug|Any CPU.ActiveCfg = Debug|Any CPU
		{112CB29C-702C-FF01-588E-BEF4AE33B18D}.Debug|Any CPU.Build.0 = Debug|Any CPU
		{112CB29C-702C-FF01-588E-BEF4AE33B18D}.Debug|iPhone.ActiveCfg = Debug|Any CPU
		{112CB29C-702C-FF01-588E-BEF4AE33B18D}.Debug|iPhone.Build.0 = Debug|Any CPU
		{112CB29C-702C-FF01-588E-BEF4AE33B18D}.Debug|iPhoneSimulator.ActiveCfg = Debug|Any CPU
		{112CB29C-702C-FF01-588E-BEF4AE33B18D}.Debug|iPhoneSimulator.Build.0 = Debug|Any CPU
		{112CB29C-702C-FF01-588E-BEF4AE33B18D}.Debug|x86.ActiveCfg = Debug|Any CPU
		{112CB29C-702C-FF01-588E-BEF4AE33B18D}.Debug|x86.Build.0 = Debug|Any CPU
		{112CB29C-702C-FF01-588E-BEF4AE33B18D}.Release|Any CPU.ActiveCfg = Release|Any CPU
		{112CB29C-702C-FF01-588E-BEF4AE33B18D}.Release|Any CPU.Build.0 = Release|Any CPU
		{112CB29C-702C-FF01-588E-BEF4AE33B18D}.Release|iPhone.ActiveCfg = Release|Any CPU
		{112CB29C-702C-FF01-588E-BEF4AE33B18D}.Release|iPhone.Build.0 = Release|Any CPU
		{112CB29C-702C-FF01-588E-BEF4AE33B18D}.Release|iPhoneSimulator.ActiveCfg = Release|Any CPU
		{112CB29C-702C-FF01-588E-BEF4AE33B18D}.Release|iPhoneSimulator.Build.0 = Release|Any CPU
		{112CB29C-702C-FF01-588E-BEF4AE33B18D}.Release|x86.ActiveCfg = Release|Any CPU
		{112CB29C-702C-FF01-588E-BEF4AE33B18D}.Release|x86.Build.0 = Release|Any CPU
		{1767055A-3C70-9F29-75BD-D3BC33035117}.Ad-Hoc|Any CPU.ActiveCfg = Release|Any CPU
		{1767055A-3C70-9F29-75BD-D3BC33035117}.Ad-Hoc|Any CPU.Build.0 = Release|Any CPU
		{1767055A-3C70-9F29-75BD-D3BC33035117}.Ad-Hoc|iPhone.ActiveCfg = Release|Any CPU
		{1767055A-3C70-9F29-75BD-D3BC33035117}.Ad-Hoc|iPhone.Build.0 = Release|Any CPU
		{1767055A-3C70-9F29-75BD-D3BC33035117}.Ad-Hoc|iPhoneSimulator.ActiveCfg = Release|Any CPU
		{1767055A-3C70-9F29-75BD-D3BC33035117}.Ad-Hoc|iPhoneSimulator.Build.0 = Release|Any CPU
		{1767055A-3C70-9F29-75BD-D3BC33035117}.Ad-Hoc|x86.ActiveCfg = Release|Any CPU
		{1767055A-3C70-9F29-75BD-D3BC33035117}.Ad-Hoc|x86.Build.0 = Release|Any CPU
		{1767055A-3C70-9F29-75BD-D3BC33035117}.AppStore|Any CPU.ActiveCfg = Release|Any CPU
		{1767055A-3C70-9F29-75BD-D3BC33035117}.AppStore|Any CPU.Build.0 = Release|Any CPU
		{1767055A-3C70-9F29-75BD-D3BC33035117}.AppStore|iPhone.ActiveCfg = Release|Any CPU
		{1767055A-3C70-9F29-75BD-D3BC33035117}.AppStore|iPhone.Build.0 = Release|Any CPU
		{1767055A-3C70-9F29-75BD-D3BC33035117}.AppStore|iPhoneSimulator.ActiveCfg = Release|Any CPU
		{1767055A-3C70-9F29-75BD-D3BC33035117}.AppStore|iPhoneSimulator.Build.0 = Release|Any CPU
		{1767055A-3C70-9F29-75BD-D3BC33035117}.AppStore|x86.ActiveCfg = Release|Any CPU
		{1767055A-3C70-9F29-75BD-D3BC33035117}.AppStore|x86.Build.0 = Release|Any CPU
		{1767055A-3C70-9F29-75BD-D3BC33035117}.Debug|Any CPU.ActiveCfg = Debug|Any CPU
		{1767055A-3C70-9F29-75BD-D3BC33035117}.Debug|Any CPU.Build.0 = Debug|Any CPU
		{1767055A-3C70-9F29-75BD-D3BC33035117}.Debug|iPhone.ActiveCfg = Debug|Any CPU
		{1767055A-3C70-9F29-75BD-D3BC33035117}.Debug|iPhone.Build.0 = Debug|Any CPU
		{1767055A-3C70-9F29-75BD-D3BC33035117}.Debug|iPhoneSimulator.ActiveCfg = Debug|Any CPU
		{1767055A-3C70-9F29-75BD-D3BC33035117}.Debug|iPhoneSimulator.Build.0 = Debug|Any CPU
		{1767055A-3C70-9F29-75BD-D3BC33035117}.Debug|x86.ActiveCfg = Debug|Any CPU
		{1767055A-3C70-9F29-75BD-D3BC33035117}.Debug|x86.Build.0 = Debug|Any CPU
		{1767055A-3C70-9F29-75BD-D3BC33035117}.Release|Any CPU.ActiveCfg = Release|Any CPU
		{1767055A-3C70-9F29-75BD-D3BC33035117}.Release|Any CPU.Build.0 = Release|Any CPU
		{1767055A-3C70-9F29-75BD-D3BC33035117}.Release|iPhone.ActiveCfg = Release|Any CPU
		{1767055A-3C70-9F29-75BD-D3BC33035117}.Release|iPhone.Build.0 = Release|Any CPU
		{1767055A-3C70-9F29-75BD-D3BC33035117}.Release|iPhoneSimulator.ActiveCfg = Release|Any CPU
		{1767055A-3C70-9F29-75BD-D3BC33035117}.Release|iPhoneSimulator.Build.0 = Release|Any CPU
		{1767055A-3C70-9F29-75BD-D3BC33035117}.Release|x86.ActiveCfg = Release|Any CPU
		{1767055A-3C70-9F29-75BD-D3BC33035117}.Release|x86.Build.0 = Release|Any CPU
		{6F200BE2-2BD8-AE11-0E2C-A5F472828A84}.Ad-Hoc|Any CPU.ActiveCfg = Release|Any CPU
		{6F200BE2-2BD8-AE11-0E2C-A5F472828A84}.Ad-Hoc|Any CPU.Build.0 = Release|Any CPU
		{6F200BE2-2BD8-AE11-0E2C-A5F472828A84}.Ad-Hoc|iPhone.ActiveCfg = Release|Any CPU
		{6F200BE2-2BD8-AE11-0E2C-A5F472828A84}.Ad-Hoc|iPhone.Build.0 = Release|Any CPU
		{6F200BE2-2BD8-AE11-0E2C-A5F472828A84}.Ad-Hoc|iPhoneSimulator.ActiveCfg = Release|Any CPU
		{6F200BE2-2BD8-AE11-0E2C-A5F472828A84}.Ad-Hoc|iPhoneSimulator.Build.0 = Release|Any CPU
		{6F200BE2-2BD8-AE11-0E2C-A5F472828A84}.Ad-Hoc|x86.ActiveCfg = Release|Any CPU
		{6F200BE2-2BD8-AE11-0E2C-A5F472828A84}.Ad-Hoc|x86.Build.0 = Release|Any CPU
		{6F200BE2-2BD8-AE11-0E2C-A5F472828A84}.AppStore|Any CPU.ActiveCfg = Release|Any CPU
		{6F200BE2-2BD8-AE11-0E2C-A5F472828A84}.AppStore|Any CPU.Build.0 = Release|Any CPU
		{6F200BE2-2BD8-AE11-0E2C-A5F472828A84}.AppStore|iPhone.ActiveCfg = Release|Any CPU
		{6F200BE2-2BD8-AE11-0E2C-A5F472828A84}.AppStore|iPhone.Build.0 = Release|Any CPU
		{6F200BE2-2BD8-AE11-0E2C-A5F472828A84}.AppStore|iPhoneSimulator.ActiveCfg = Release|Any CPU
		{6F200BE2-2BD8-AE11-0E2C-A5F472828A84}.AppStore|iPhoneSimulator.Build.0 = Release|Any CPU
		{6F200BE2-2BD8-AE11-0E2C-A5F472828A84}.AppStore|x86.ActiveCfg = Release|Any CPU
		{6F200BE2-2BD8-AE11-0E2C-A5F472828A84}.AppStore|x86.Build.0 = Release|Any CPU
		{6F200BE2-2BD8-AE11-0E2C-A5F472828A84}.Debug|Any CPU.ActiveCfg = Debug|Any CPU
		{6F200BE2-2BD8-AE11-0E2C-A5F472828A84}.Debug|Any CPU.Build.0 = Debug|Any CPU
		{6F200BE2-2BD8-AE11-0E2C-A5F472828A84}.Debug|iPhone.ActiveCfg = Debug|Any CPU
		{6F200BE2-2BD8-AE11-0E2C-A5F472828A84}.Debug|iPhone.Build.0 = Debug|Any CPU
		{6F200BE2-2BD8-AE11-0E2C-A5F472828A84}.Debug|iPhoneSimulator.ActiveCfg = Debug|Any CPU
		{6F200BE2-2BD8-AE11-0E2C-A5F472828A84}.Debug|iPhoneSimulator.Build.0 = Debug|Any CPU
		{6F200BE2-2BD8-AE11-0E2C-A5F472828A84}.Debug|x86.ActiveCfg = Debug|Any CPU
		{6F200BE2-2BD8-AE11-0E2C-A5F472828A84}.Debug|x86.Build.0 = Debug|Any CPU
		{6F200BE2-2BD8-AE11-0E2C-A5F472828A84}.Release|Any CPU.ActiveCfg = Release|Any CPU
		{6F200BE2-2BD8-AE11-0E2C-A5F472828A84}.Release|Any CPU.Build.0 = Release|Any CPU
		{6F200BE2-2BD8-AE11-0E2C-A5F472828A84}.Release|iPhone.ActiveCfg = Release|Any CPU
		{6F200BE2-2BD8-AE11-0E2C-A5F472828A84}.Release|iPhone.Build.0 = Release|Any CPU
		{6F200BE2-2BD8-AE11-0E2C-A5F472828A84}.Release|iPhoneSimulator.ActiveCfg = Release|Any CPU
		{6F200BE2-2BD8-AE11-0E2C-A5F472828A84}.Release|iPhoneSimulator.Build.0 = Release|Any CPU
		{6F200BE2-2BD8-AE11-0E2C-A5F472828A84}.Release|x86.ActiveCfg = Release|Any CPU
		{6F200BE2-2BD8-AE11-0E2C-A5F472828A84}.Release|x86.Build.0 = Release|Any CPU
		{2ABF195A-A2CC-D3A6-9480-6E1F61E35AC6}.Ad-Hoc|Any CPU.ActiveCfg = Release|Any CPU
		{2ABF195A-A2CC-D3A6-9480-6E1F61E35AC6}.Ad-Hoc|Any CPU.Build.0 = Release|Any CPU
		{2ABF195A-A2CC-D3A6-9480-6E1F61E35AC6}.Ad-Hoc|iPhone.ActiveCfg = Release|Any CPU
		{2ABF195A-A2CC-D3A6-9480-6E1F61E35AC6}.Ad-Hoc|iPhone.Build.0 = Release|Any CPU
		{2ABF195A-A2CC-D3A6-9480-6E1F61E35AC6}.Ad-Hoc|iPhoneSimulator.ActiveCfg = Release|Any CPU
		{2ABF195A-A2CC-D3A6-9480-6E1F61E35AC6}.Ad-Hoc|iPhoneSimulator.Build.0 = Release|Any CPU
		{2ABF195A-A2CC-D3A6-9480-6E1F61E35AC6}.Ad-Hoc|x86.ActiveCfg = Release|Any CPU
		{2ABF195A-A2CC-D3A6-9480-6E1F61E35AC6}.Ad-Hoc|x86.Build.0 = Release|Any CPU
		{2ABF195A-A2CC-D3A6-9480-6E1F61E35AC6}.AppStore|Any CPU.ActiveCfg = Release|Any CPU
		{2ABF195A-A2CC-D3A6-9480-6E1F61E35AC6}.AppStore|Any CPU.Build.0 = Release|Any CPU
		{2ABF195A-A2CC-D3A6-9480-6E1F61E35AC6}.AppStore|iPhone.ActiveCfg = Release|Any CPU
		{2ABF195A-A2CC-D3A6-9480-6E1F61E35AC6}.AppStore|iPhone.Build.0 = Release|Any CPU
		{2ABF195A-A2CC-D3A6-9480-6E1F61E35AC6}.AppStore|iPhoneSimulator.ActiveCfg = Release|Any CPU
		{2ABF195A-A2CC-D3A6-9480-6E1F61E35AC6}.AppStore|iPhoneSimulator.Build.0 = Release|Any CPU
		{2ABF195A-A2CC-D3A6-9480-6E1F61E35AC6}.AppStore|x86.ActiveCfg = Release|Any CPU
		{2ABF195A-A2CC-D3A6-9480-6E1F61E35AC6}.AppStore|x86.Build.0 = Release|Any CPU
		{2ABF195A-A2CC-D3A6-9480-6E1F61E35AC6}.Debug|Any CPU.ActiveCfg = Debug|Any CPU
		{2ABF195A-A2CC-D3A6-9480-6E1F61E35AC6}.Debug|Any CPU.Build.0 = Debug|Any CPU
		{2ABF195A-A2CC-D3A6-9480-6E1F61E35AC6}.Debug|iPhone.ActiveCfg = Debug|Any CPU
		{2ABF195A-A2CC-D3A6-9480-6E1F61E35AC6}.Debug|iPhone.Build.0 = Debug|Any CPU
		{2ABF195A-A2CC-D3A6-9480-6E1F61E35AC6}.Debug|iPhoneSimulator.ActiveCfg = Debug|Any CPU
		{2ABF195A-A2CC-D3A6-9480-6E1F61E35AC6}.Debug|iPhoneSimulator.Build.0 = Debug|Any CPU
		{2ABF195A-A2CC-D3A6-9480-6E1F61E35AC6}.Debug|x86.ActiveCfg = Debug|Any CPU
		{2ABF195A-A2CC-D3A6-9480-6E1F61E35AC6}.Debug|x86.Build.0 = Debug|Any CPU
		{2ABF195A-A2CC-D3A6-9480-6E1F61E35AC6}.Release|Any CPU.ActiveCfg = Release|Any CPU
		{2ABF195A-A2CC-D3A6-9480-6E1F61E35AC6}.Release|Any CPU.Build.0 = Release|Any CPU
		{2ABF195A-A2CC-D3A6-9480-6E1F61E35AC6}.Release|iPhone.ActiveCfg = Release|Any CPU
		{2ABF195A-A2CC-D3A6-9480-6E1F61E35AC6}.Release|iPhone.Build.0 = Release|Any CPU
		{2ABF195A-A2CC-D3A6-9480-6E1F61E35AC6}.Release|iPhoneSimulator.ActiveCfg = Release|Any CPU
		{2ABF195A-A2CC-D3A6-9480-6E1F61E35AC6}.Release|iPhoneSimulator.Build.0 = Release|Any CPU
		{2ABF195A-A2CC-D3A6-9480-6E1F61E35AC6}.Release|x86.ActiveCfg = Release|Any CPU
		{2ABF195A-A2CC-D3A6-9480-6E1F61E35AC6}.Release|x86.Build.0 = Release|Any CPU
	EndGlobalSection
	GlobalSection(SolutionProperties) = preSolution
		HideSolutionNode = FALSE
	EndGlobalSection
	GlobalSection(ExtensibilityGlobals) = postSolution
		SolutionGuid = {F2FD9699-EAC6-4F94-8505-2B0ECD1E5D59}
	EndGlobalSection
EndGlobal
